<?xml version="1.0" encoding="utf-8"?>
<Project ToolsVersion="4.0" xmlns="http://schemas.microsoft.com/developer/msbuild/2003">
  <ItemGroup>
    <Filter Include="Source Files">
      <UniqueIdentifier>{4FC737F1-C7A5-4376-A066-2A32D752A2FF}</UniqueIdentifier>
      <Extensions>cpp;c;cc;cxx;def;odl;idl;hpj;bat;asm;asmx</Extensions>
    </Filter>
    <Filter Include="Header Files">
      <UniqueIdentifier>{93995380-89BD-4b04-88EB-625FBE52EBFB}</UniqueIdentifier>
      <Extensions>h;hh;hpp;hxx;hm;inl;inc;xsd</Extensions>
    </Filter>
    <Filter Include="Resource Files">
      <UniqueIdentifier>{67DA6AB6-F800-4c08-8B7A-83BB121AAD01}</UniqueIdentifier>
      <Extensions>rc;ico;cur;bmp;dlg;rc2;rct;bin;rgs;gif;jpg;jpeg;jpe;resx;tiff;tif;png;wav;mfcribbon-ms</Extensions>
    </Filter>
  </ItemGroup>
  <ItemGroup>
    <ClCompile Include="framework\BinaryFileReader.cpp">
      <Filter>Source Files</Filter>
    </ClCompile>
    <ClCompile Include="framework\ResourceId.cpp">
      <Filter>Source Files</Filter>
    </ClCompile>
    <ClCompile Include="framework\ResourceManager.cpp">
      <Filter>Source Files</Filter>
    </ClCompile>
    <ClCompile Include="framework\ServiceFactory.cpp">
      <Filter>Source Files</Filter>
    </ClCompile>
    <ClCompile Include="framework\ServiceManager.cpp">
      <Filter>Source Files</Filter>
    </ClCompile>
    <ClCompile Include="framework\StringUtilities.cpp">
      <Filter>Source Files</Filter>
    </ClCompile>
    <ClCompile Include="framework\TextFileReader.cpp">
      <Filter>Source Files</Filter>
    </ClCompile>
    <ClCompile Include="framework\TextFileWriter.cpp">
      <Filter>Source Files</Filter>
    </ClCompile>
    <ClCompile Include="framework\TranscriptItem.cpp">
      <Filter>Source Files</Filter>
    </ClCompile>
    <ClCompile Include="reaper\Application.cpp">
      <Filter>Source Files</Filter>
    </ClCompile>
    <ClCompile Include="reaper\Configuration.cpp">
      <Filter>Source Files</Filter>
    </ClCompile>
    <ClCompile Include="reaper\CustomAction.cpp">
      <Filter>Source Files</Filter>
    </ClCompile>
    <ClCompile Include="reaper\CustomActionFactory.cpp">
      <Filter>Source Files</Filter>
    </ClCompile>
    <ClCompile Include="reaper\CustomActionManager.cpp">
      <Filter>Source Files</Filter>
    </ClCompile>
    <ClCompile Include="reaper\FileManager.cpp">
      <Filter>Source Files</Filter>
    </ClCompile>
    <ClCompile Include="reaper\reaper_ultraschall.cpp">
      <Filter>Source Files</Filter>
    </ClCompile>
    <ClCompile Include="reaper\ReaperEntryPoints.cpp">
      <Filter>Source Files</Filter>
    </ClCompile>
    <ClCompile Include="reaper\ReaperVersionCheck.cpp">
      <Filter>Source Files</Filter>
    </ClCompile>
    <ClCompile Include="reaper\SoundboardVersionCheck.cpp">
      <Filter>Source Files</Filter>
    </ClCompile>
    <ClCompile Include="reaper\SWSVersionCheck.cpp">
      <Filter>Source Files</Filter>
    </ClCompile>
    <ClCompile Include="reaper\ThemeVersionCheck.cpp">
      <Filter>Source Files</Filter>
    </ClCompile>
    <ClCompile Include="reaper\NotificationWindow.cpp">
      <Filter>Source Files</Filter>
    </ClCompile>
    <ClCompile Include="reaper\VersionHandler.cpp">
      <Filter>Source Files</Filter>
    </ClCompile>
    <ClCompile Include="reaper\ToggleChapterMarkersAction.cpp">
      <Filter>Source Files</Filter>
    </ClCompile>
    <ClCompile Include="reaper\ToggleEditMarkersAction.cpp">
      <Filter>Source Files</Filter>
    </ClCompile>
    <ClCompile Include="reaper\ToggleShownoteMarkersAction.cpp">
      <Filter>Source Files</Filter>
    </ClCompile>
    <ClCompile Include="reaper\SaveChapterMarkersAction.cpp">
      <Filter>Source Files</Filter>
    </ClCompile>
    <ClCompile Include="reaper\SaveChapterMarkersToProjectAction.cpp">
      <Filter>Source Files</Filter>
    </ClCompile>
    <ClCompile Include="reaper\InsertChapterMarkersAction.cpp">
      <Filter>Source Files</Filter>
    </ClCompile>
    <ClCompile Include="reaper\ReplaceChapterMarkersAction.cpp">
      <Filter>Source Files</Filter>
    </ClCompile>
    <ClCompile Include="reaper\CloseProjectCommand.cpp">
      <Filter>Source Files</Filter>
    </ClCompile>
    <ClCompile Include="reaper\OpenProjectCommand.cpp">
      <Filter>Source Files</Filter>
    </ClCompile>
    <ClCompile Include="reaper\SaveProjectCommand.cpp">
      <Filter>Source Files</Filter>
    </ClCompile>
    <ClCompile Include="reaper\CommandFactory.cpp">
      <Filter>Source Files</Filter>
    </ClCompile>
    <ClCompile Include="reaper\CommandManager.cpp">
      <Filter>Source Files</Filter>
    </ClCompile>
    <ClCompile Include="reaper\ProjectManager.cpp">
      <Filter>Source Files</Filter>
    </ClCompile>
    <ClCompile Include="reaper\Project.cpp">
      <Filter>Source Files</Filter>
    </ClCompile>
    <ClCompile Include="reaper\NewProjectCommand.cpp">
      <Filter>Source Files</Filter>
    </ClCompile>
    <ClCompile Include="framework\TraceUltilities.cpp">
      <Filter>Source Files</Filter>
    </ClCompile>
    <ClCompile Include="reaper\ProjectCallback.cpp">
      <Filter>Source Files</Filter>
    </ClCompile>
    <ClCompile Include="reaper\SetChapterMarkerAction.cpp">
      <Filter>Source Files</Filter>
    </ClCompile>
    <ClCompile Include="reaper\SetEditMarkerAction.cpp">
      <Filter>Source Files</Filter>
    </ClCompile>
    <ClCompile Include="reaper\SetShownoteMarkerAction.cpp">
      <Filter>Source Files</Filter>
    </ClCompile>
    <ClCompile Include="reaper\UndoMarkerAction.cpp">
      <Filter>Source Files</Filter>
    </ClCompile>
    <ClCompile Include="reaper\SetHistoricalMarkerAction.cpp">
      <Filter>Source Files</Filter>
    </ClCompile>
    <ClCompile Include="framework\TimeUtilities.cpp">
      <Filter>Source Files</Filter>
    </ClCompile>
    <ClCompile Include="reaper\UpdateCheck.cpp">
      <Filter>Source Files</Filter>
    </ClCompile>
    <ClCompile Include="reaper\SystemProperties.cpp">
      <Filter>Source Files</Filter>
    </ClCompile>
    <ClCompile Include="reaper\InsertMP3ChapterMarkersAction.cpp">
      <Filter>Source Files</Filter>
    </ClCompile>
    <ClCompile Include="reaper\MP3Properties.cpp">
      <Filter>Source Files</Filter>
    </ClCompile>
  </ItemGroup>
  <ItemGroup>
    <ClInclude Include="framework\BinaryFileReader.h">
      <Filter>Header Files</Filter>
    </ClInclude>
    <ClInclude Include="framework\Framework.h">
      <Filter>Header Files</Filter>
    </ClInclude>
    <ClInclude Include="framework\IActivationService.h">
      <Filter>Header Files</Filter>
    </ClInclude>
    <ClInclude Include="framework\IApplication.h">
      <Filter>Header Files</Filter>
    </ClInclude>
    <ClInclude Include="framework\IConfigurationService.h">
      <Filter>Header Files</Filter>
    </ClInclude>
    <ClInclude Include="framework\IService.h">
      <Filter>Header Files</Filter>
    </ClInclude>
    <ClInclude Include="framework\Malloc.h">
      <Filter>Header Files</Filter>
    </ClInclude>
    <ClInclude Include="framework\ResourceId.h">
      <Filter>Header Files</Filter>
    </ClInclude>
    <ClInclude Include="framework\ResourceManager.h">
      <Filter>Header Files</Filter>
    </ClInclude>
    <ClInclude Include="framework\ServiceFactory.h">
      <Filter>Header Files</Filter>
    </ClInclude>
    <ClInclude Include="framework\ServiceManager.h">
      <Filter>Header Files</Filter>
    </ClInclude>
    <ClInclude Include="framework\ServiceStatus.h">
      <Filter>Header Files</Filter>
    </ClInclude>
    <ClInclude Include="framework\Stream.h">
      <Filter>Header Files</Filter>
    </ClInclude>
    <ClInclude Include="framework\StringUtilities.h">
      <Filter>Header Files</Filter>
    </ClInclude>
    <ClInclude Include="framework\TextFileReader.h">
      <Filter>Header Files</Filter>
    </ClInclude>
    <ClInclude Include="framework\TextFileWriter.h">
      <Filter>Header Files</Filter>
    </ClInclude>
    <ClInclude Include="framework\TranscriptItem.h">
      <Filter>Header Files</Filter>
    </ClInclude>
    <ClInclude Include="reaper\Application.h">
      <Filter>Header Files</Filter>
    </ClInclude>
    <ClInclude Include="reaper\Configuration.h">
      <Filter>Header Files</Filter>
    </ClInclude>
    <ClInclude Include="reaper\CustomAction.h">
      <Filter>Header Files</Filter>
    </ClInclude>
    <ClInclude Include="reaper\CustomActionFactory.h">
      <Filter>Header Files</Filter>
    </ClInclude>
    <ClInclude Include="reaper\CustomActionManager.h">
      <Filter>Header Files</Filter>
    </ClInclude>
    <ClInclude Include="reaper\FileManager.h">
      <Filter>Header Files</Filter>
    </ClInclude>
    <ClInclude Include="reaper\ICustomAction.h">
      <Filter>Header Files</Filter>
    </ClInclude>
    <ClInclude Include="reaper\ReaperEntryPoints.h">
      <Filter>Header Files</Filter>
    </ClInclude>
    <ClInclude Include="reaper\ReaperVersionCheck.h">
      <Filter>Header Files</Filter>
    </ClInclude>
    <ClInclude Include="reaper\SoundboardVersionCheck.h">
      <Filter>Header Files</Filter>
    </ClInclude>
    <ClInclude Include="reaper\SWSVersionCheck.h">
      <Filter>Header Files</Filter>
    </ClInclude>
    <ClInclude Include="reaper\ThemeVersionCheck.h">
      <Filter>Header Files</Filter>
    </ClInclude>
    <ClInclude Include="resource.h">
      <Filter>Header Files</Filter>
    </ClInclude>
    <ClInclude Include="reaper\NotificationWindow.h">
      <Filter>Header Files</Filter>
    </ClInclude>
    <ClInclude Include="reaper\VersionHandler.h">
      <Filter>Header Files</Filter>
    </ClInclude>
    <ClInclude Include="framework\FileUtilities.h">
      <Filter>Header Files</Filter>
    </ClInclude>
    <ClInclude Include="framework\StringDefs.h">
      <Filter>Header Files</Filter>
    </ClInclude>
    <ClInclude Include="framework\SharedObject.h">
      <Filter>Header Files</Filter>
    </ClInclude>
    <ClInclude Include="framework\SharedObjectFactory.h">
      <Filter>Header Files</Filter>
    </ClInclude>
    <ClInclude Include="framework\SharedObjectManager.h">
      <Filter>Header Files</Filter>
    </ClInclude>
    <ClInclude Include="reaper\ToggleChapterMarkersAction.h">
      <Filter>Header Files</Filter>
    </ClInclude>
    <ClInclude Include="reaper\ToggleEditMarkersAction.h">
      <Filter>Header Files</Filter>
    </ClInclude>
    <ClInclude Include="reaper\ToggleShownoteMarkersAction.h">
      <Filter>Header Files</Filter>
    </ClInclude>
    <ClInclude Include="reaper\InsertChapterMarkersAction.h">
      <Filter>Header Files</Filter>
    </ClInclude>
    <ClInclude Include="reaper\ReplaceChapterMarkersAction.h">
      <Filter>Header Files</Filter>
    </ClInclude>
    <ClInclude Include="reaper\SaveChapterMarkersAction.h">
      <Filter>Header Files</Filter>
    </ClInclude>
    <ClInclude Include="reaper\SaveChapterMarkersToProjectAction.h">
      <Filter>Header Files</Filter>
    </ClInclude>
    <ClInclude Include="reaper\ICommand.h">
      <Filter>Header Files</Filter>
    </ClInclude>
    <ClInclude Include="reaper\CloseProjectCommand.h">
      <Filter>Header Files</Filter>
    </ClInclude>
    <ClInclude Include="reaper\OpenProjectCommand.h">
      <Filter>Header Files</Filter>
    </ClInclude>
    <ClInclude Include="reaper\SaveProjectCommand.h">
      <Filter>Header Files</Filter>
    </ClInclude>
    <ClInclude Include="reaper\CommandFactory.h">
      <Filter>Header Files</Filter>
    </ClInclude>
    <ClInclude Include="reaper\CommandManager.h">
      <Filter>Header Files</Filter>
    </ClInclude>
    <ClInclude Include="reaper\ProjectManager.h">
      <Filter>Header Files</Filter>
    </ClInclude>
    <ClInclude Include="reaper\Project.h">
      <Filter>Header Files</Filter>
    </ClInclude>
    <ClInclude Include="reaper\NewProjectCommand.h">
      <Filter>Header Files</Filter>
    </ClInclude>
    <ClInclude Include="framework\TraceUtilities.h">
      <Filter>Header Files</Filter>
    </ClInclude>
    <ClInclude Include="reaper\ProjectCallback.h">
      <Filter>Header Files</Filter>
    </ClInclude>
    <ClInclude Include="reaper\SetChapterMarkerAction.h">
      <Filter>Header Files</Filter>
    </ClInclude>
    <ClInclude Include="reaper\SetEditMarkerAction.h">
      <Filter>Header Files</Filter>
    </ClInclude>
    <ClInclude Include="reaper\SetShownoteMarkerAction.h">
      <Filter>Header Files</Filter>
    </ClInclude>
    <ClInclude Include="reaper\UndoMarkerAction.h">
      <Filter>Header Files</Filter>
    </ClInclude>
    <ClInclude Include="reaper\SetHistoricalMarkerAction.h">
      <Filter>Header Files</Filter>
    </ClInclude>
    <ClInclude Include="reaper\Marker.h">
      <Filter>Header Files</Filter>
    </ClInclude>
    <ClInclude Include="framework\TimeUtilities.h">
      <Filter>Header Files</Filter>
    </ClInclude>
    <ClInclude Include="reaper\UpdateCheck.h">
      <Filter>Header Files</Filter>
    </ClInclude>
    <ClInclude Include="reaper\SystemProperties.h">
      <Filter>Header Files</Filter>
    </ClInclude>
    <ClInclude Include="reaper\InsertMP3ChapterMarkersAction.h">
      <Filter>Header Files</Filter>
    </ClInclude>
    <ClInclude Include="reaper\MP3Properties.h">
      <Filter>Header Files</Filter>
    </ClInclude>
  </ItemGroup>
  <ItemGroup>
    <ResourceCompile Include="reaper_ultraschall.rc">
      <Filter>Resource Files</Filter>
    </ResourceCompile>
  </ItemGroup>
</Project>