<?xml version="1.0" encoding="utf-8"?>
<Project ToolsVersion="4.0" xmlns="http://schemas.microsoft.com/developer/msbuild/2003">
  <ItemGroup>
    <Filter Include="Source Files">
      <UniqueIdentifier>{4FC737F1-C7A5-4376-A066-2A32D752A2FF}</UniqueIdentifier>
      <Extensions>cpp;c;cc;cxx;def;odl;idl;hpj;bat;asm;asmx</Extensions>
    </Filter>
    <Filter Include="Header Files">
      <UniqueIdentifier>{93995380-89BD-4b04-88EB-625FBE52EBFB}</UniqueIdentifier>
      <Extensions>h;hh;hpp;hxx;hm;inl;inc;xsd</Extensions>
    </Filter>
    <Filter Include="Resource Files">
      <UniqueIdentifier>{67DA6AB6-F800-4c08-8B7A-83BB121AAD01}</UniqueIdentifier>
      <Extensions>rc;ico;cur;bmp;dlg;rc2;rct;bin;rgs;gif;jpg;jpeg;jpe;resx;tiff;tif;png;wav;mfcribbon-ms</Extensions>
    </Filter>
  </ItemGroup>
  <ItemGroup>
    <ClCompile Include="framework\BinaryFileReader.cpp">
      <Filter>Source Files</Filter>
    </ClCompile>
    <ClCompile Include="framework\ChapterMarker.cpp">
      <Filter>Source Files</Filter>
    </ClCompile>
    <ClCompile Include="framework\Malloc.cpp">
      <Filter>Source Files</Filter>
    </ClCompile>
    <ClCompile Include="framework\ResourceId.cpp">
      <Filter>Source Files</Filter>
    </ClCompile>
    <ClCompile Include="framework\ResourceManager.cpp">
      <Filter>Source Files</Filter>
    </ClCompile>
    <ClCompile Include="framework\ServiceFactory.cpp">
      <Filter>Source Files</Filter>
    </ClCompile>
    <ClCompile Include="framework\ServiceManager.cpp">
      <Filter>Source Files</Filter>
    </ClCompile>
    <ClCompile Include="framework\Stream.cpp">
      <Filter>Source Files</Filter>
    </ClCompile>
    <ClCompile Include="framework\StringUtilities.cpp">
      <Filter>Source Files</Filter>
    </ClCompile>
    <ClCompile Include="framework\TextFileReader.cpp">
      <Filter>Source Files</Filter>
    </ClCompile>
    <ClCompile Include="framework\TextFileWriter.cpp">
      <Filter>Source Files</Filter>
    </ClCompile>
    <ClCompile Include="framework\TranscriptItem.cpp">
      <Filter>Source Files</Filter>
    </ClCompile>
    <ClCompile Include="reaper\AboutAction.cpp">
      <Filter>Source Files</Filter>
    </ClCompile>
    <ClCompile Include="reaper\Application.cpp">
      <Filter>Source Files</Filter>
    </ClCompile>
    <ClCompile Include="reaper\Configuration.cpp">
      <Filter>Source Files</Filter>
    </ClCompile>
    <ClCompile Include="reaper\CustomAction.cpp">
      <Filter>Source Files</Filter>
    </ClCompile>
    <ClCompile Include="reaper\CustomActionFactory.cpp">
      <Filter>Source Files</Filter>
    </ClCompile>
    <ClCompile Include="reaper\CustomActionManager.cpp">
      <Filter>Source Files</Filter>
    </ClCompile>
    <ClCompile Include="reaper\FileManager.cpp">
      <Filter>Source Files</Filter>
    </ClCompile>
    <ClCompile Include="reaper\InsertChaptersAction.cpp">
      <Filter>Source Files</Filter>
    </ClCompile>
    <ClCompile Include="reaper\InsertTranscriptAction.cpp">
      <Filter>Source Files</Filter>
    </ClCompile>
    <ClCompile Include="reaper\InvalidEntryPointException.cpp">
      <Filter>Source Files</Filter>
    </ClCompile>
    <ClCompile Include="reaper\reaper_ultraschall.cpp">
      <Filter>Source Files</Filter>
    </ClCompile>
    <ClCompile Include="reaper\ReaperEntryPoints.cpp">
      <Filter>Source Files</Filter>
    </ClCompile>
    <ClCompile Include="reaper\ReaperVersionCheck.cpp">
      <Filter>Source Files</Filter>
    </ClCompile>
    <ClCompile Include="reaper\ReplaceChaptersAction.cpp">
      <Filter>Source Files</Filter>
    </ClCompile>
    <ClCompile Include="reaper\SaveChaptersAction.cpp">
      <Filter>Source Files</Filter>
    </ClCompile>
    <ClCompile Include="reaper\SaveChaptersToProjectAction.cpp">
      <Filter>Source Files</Filter>
    </ClCompile>
    <ClCompile Include="reaper\SoundboardVersionCheck.cpp">
      <Filter>Source Files</Filter>
    </ClCompile>
    <ClCompile Include="reaper\SWSVersionCheck.cpp">
      <Filter>Source Files</Filter>
    </ClCompile>
    <ClCompile Include="reaper\ThemeVersionCheck.cpp">
      <Filter>Source Files</Filter>
    </ClCompile>
    <ClCompile Include="reaper\StudioLinkVersionCheck.cpp">
      <Filter>Source Files</Filter>
    </ClCompile>
    <ClCompile Include="reaper\UpdateCheckAction.cpp">
      <Filter>Source Files</Filter>
    </ClCompile>
    <ClCompile Include="reaper\VersionString.cpp">
      <Filter>Source Files</Filter>
    </ClCompile>
    <ClCompile Include="reaper\NotificationWindow.cpp">
      <Filter>Source Files</Filter>
    </ClCompile>
    <ClCompile Include="reaper\VersionHandler.cpp">
      <Filter>Source Files</Filter>
    </ClCompile>
    <ClCompile Include="framework\FileUtilities.cpp">
      <Filter>Source Files</Filter>
    </ClCompile>
  </ItemGroup>
  <ItemGroup>
    <ClInclude Include="framework\BinaryFileReader.h">
      <Filter>Header Files</Filter>
    </ClInclude>
    <ClInclude Include="framework\ChapterMarker.h">
      <Filter>Header Files</Filter>
    </ClInclude>
    <ClInclude Include="framework\Framework.h">
      <Filter>Header Files</Filter>
    </ClInclude>
    <ClInclude Include="framework\IActivationService.h">
      <Filter>Header Files</Filter>
    </ClInclude>
    <ClInclude Include="framework\IApplication.h">
      <Filter>Header Files</Filter>
    </ClInclude>
    <ClInclude Include="framework\IConfigurationService.h">
      <Filter>Header Files</Filter>
    </ClInclude>
    <ClInclude Include="framework\IService.h">
      <Filter>Header Files</Filter>
    </ClInclude>
    <ClInclude Include="framework\Malloc.h">
      <Filter>Header Files</Filter>
    </ClInclude>
    <ClInclude Include="framework\ResourceId.h">
      <Filter>Header Files</Filter>
    </ClInclude>
    <ClInclude Include="framework\ResourceManager.h">
      <Filter>Header Files</Filter>
    </ClInclude>
    <ClInclude Include="framework\ServiceFactory.h">
      <Filter>Header Files</Filter>
    </ClInclude>
    <ClInclude Include="framework\ServiceManager.h">
      <Filter>Header Files</Filter>
    </ClInclude>
    <ClInclude Include="framework\ServiceStatus.h">
      <Filter>Header Files</Filter>
    </ClInclude>
    <ClInclude Include="framework\Stream.h">
      <Filter>Header Files</Filter>
    </ClInclude>
    <ClInclude Include="framework\StringUtilities.h">
      <Filter>Header Files</Filter>
    </ClInclude>
    <ClInclude Include="framework\TextFileReader.h">
      <Filter>Header Files</Filter>
    </ClInclude>
    <ClInclude Include="framework\TextFileWriter.h">
      <Filter>Header Files</Filter>
    </ClInclude>
    <ClInclude Include="framework\TranscriptItem.h">
      <Filter>Header Files</Filter>
    </ClInclude>
    <ClInclude Include="reaper\AboutAction.h">
      <Filter>Header Files</Filter>
    </ClInclude>
    <ClInclude Include="reaper\Application.h">
      <Filter>Header Files</Filter>
    </ClInclude>
    <ClInclude Include="reaper\Configuration.h">
      <Filter>Header Files</Filter>
    </ClInclude>
    <ClInclude Include="reaper\CustomAction.h">
      <Filter>Header Files</Filter>
    </ClInclude>
    <ClInclude Include="reaper\CustomActionFactory.h">
      <Filter>Header Files</Filter>
    </ClInclude>
    <ClInclude Include="reaper\CustomActionManager.h">
      <Filter>Header Files</Filter>
    </ClInclude>
    <ClInclude Include="reaper\FileManager.h">
      <Filter>Header Files</Filter>
    </ClInclude>
    <ClInclude Include="reaper\ICustomAction.h">
      <Filter>Header Files</Filter>
    </ClInclude>
    <ClInclude Include="reaper\InsertChaptersAction.h">
      <Filter>Header Files</Filter>
    </ClInclude>
    <ClInclude Include="reaper\InsertTranscriptAction.h">
      <Filter>Header Files</Filter>
    </ClInclude>
    <ClInclude Include="reaper\InvalidEntryPointException.h">
      <Filter>Header Files</Filter>
    </ClInclude>
    <ClInclude Include="reaper\ReaperEntryPoints.h">
      <Filter>Header Files</Filter>
    </ClInclude>
    <ClInclude Include="reaper\ReaperVersionCheck.h">
      <Filter>Header Files</Filter>
    </ClInclude>
    <ClInclude Include="reaper\ReplaceChaptersAction.h">
      <Filter>Header Files</Filter>
    </ClInclude>
    <ClInclude Include="reaper\SaveChaptersAction.h">
      <Filter>Header Files</Filter>
    </ClInclude>
    <ClInclude Include="reaper\SaveChaptersToProjectAction.h">
      <Filter>Header Files</Filter>
    </ClInclude>
    <ClInclude Include="reaper\SoundboardVersionCheck.h">
      <Filter>Header Files</Filter>
    </ClInclude>
    <ClInclude Include="reaper\SWSVersionCheck.h">
      <Filter>Header Files</Filter>
    </ClInclude>
    <ClInclude Include="reaper\ThemeVersionCheck.h">
      <Filter>Header Files</Filter>
    </ClInclude>
    <ClInclude Include="resource.h">
      <Filter>Header Files</Filter>
    </ClInclude>
    <ClInclude Include="reaper\StudioLinkVersionCheck.h">
      <Filter>Header Files</Filter>
    </ClInclude>
    <ClInclude Include="reaper\UpdateCheckAction.h">
      <Filter>Header Files</Filter>
    </ClInclude>
    <ClInclude Include="reaper\VersionString.h">
      <Filter>Header Files</Filter>
    </ClInclude>
    <ClInclude Include="reaper\NotificationWindow.h">
      <Filter>Header Files</Filter>
    </ClInclude>
    <ClInclude Include="reaper\VersionHandler.h">
      <Filter>Header Files</Filter>
    </ClInclude>
    <ClInclude Include="framework\FileUtilities.h">
      <Filter>Header Files</Filter>
    </ClInclude>
    <ClInclude Include="framework\StringDefs.h">
      <Filter>Header Files</Filter>
    </ClInclude>
  </ItemGroup>
  <ItemGroup>
    <ResourceCompile Include="reaper_ultraschall.rc">
      <Filter>Resource Files</Filter>
    </ResourceCompile>
  </ItemGroup>
</Project>