
Microsoft Visual Studio Solution File, Format Version 12.00
# Visual Studio 14
VisualStudioVersion = 14.0.25123.0
MinimumVisualStudioVersion = 10.0.40219.1
Project("{8BC9CEB8-8B4A-11D0-8D11-00A0C91BC942}") = "reaper_ultraschall", "reaper_ultraschall.vcxproj", "{72A2A1C0-EB84-47A4-99A5-79E5B969F814}"
	ProjectSection(ProjectDependencies) = postProject
		{745DEC58-EBB3-47A9-A9B8-4C6627C01BF8} = {745DEC58-EBB3-47A9-A9B8-4C6627C01BF8}
		{DA6F56B4-06A4-441D-AD70-AC5A7D51FADB} = {DA6F56B4-06A4-441D-AD70-AC5A7D51FADB}
	EndProjectSection
EndProject
Project("{2150E333-8FDC-42A3-9474-1A3956D46DE8}") = "zlib", "zlib", "{318599F1-CAD8-415E-BC42-F02C86175B5E}"
EndProject
Project("{8BC9CEB8-8B4A-11D0-8D11-00A0C91BC942}") = "zlibstat", "Submodules\zlib\contrib\vstudio\vc11\zlibstat.vcxproj", "{745DEC58-EBB3-47A9-A9B8-4C6627C01BF8}"
EndProject
Project("{2150E333-8FDC-42A3-9474-1A3956D46DE8}") = "curl", "curl", "{D6E49833-4757-4912-8FB4-6110EA5D448F}"
EndProject
Project("{8BC9CEB8-8B4A-11D0-8D11-00A0C91BC942}") = "libcurl", "Submodules\curl\projects\Windows\VC14\lib\libcurl.vcxproj", "{DA6F56B4-06A4-441D-AD70-AC5A7D51FADB}"
EndProject
Global
	GlobalSection(SolutionConfigurationPlatforms) = preSolution
		Debug|Itanium = Debug|Itanium
		Debug|x64 = Debug|x64
		Debug|x86 = Debug|x86
		DLL Debug - DLL OpenSSL - DLL LibSSH2|Itanium = DLL Debug - DLL OpenSSL - DLL LibSSH2|Itanium
		DLL Debug - DLL OpenSSL - DLL LibSSH2|x64 = DLL Debug - DLL OpenSSL - DLL LibSSH2|x64
		DLL Debug - DLL OpenSSL - DLL LibSSH2|x86 = DLL Debug - DLL OpenSSL - DLL LibSSH2|x86
		DLL Debug - DLL OpenSSL|Itanium = DLL Debug - DLL OpenSSL|Itanium
		DLL Debug - DLL OpenSSL|x64 = DLL Debug - DLL OpenSSL|x64
		DLL Debug - DLL OpenSSL|x86 = DLL Debug - DLL OpenSSL|x86
		DLL Debug - DLL Windows SSPI - DLL WinIDN|Itanium = DLL Debug - DLL Windows SSPI - DLL WinIDN|Itanium
		DLL Debug - DLL Windows SSPI - DLL WinIDN|x64 = DLL Debug - DLL Windows SSPI - DLL WinIDN|x64
		DLL Debug - DLL Windows SSPI - DLL WinIDN|x86 = DLL Debug - DLL Windows SSPI - DLL WinIDN|x86
		DLL Debug - DLL Windows SSPI|Itanium = DLL Debug - DLL Windows SSPI|Itanium
		DLL Debug - DLL Windows SSPI|x64 = DLL Debug - DLL Windows SSPI|x64
		DLL Debug - DLL Windows SSPI|x86 = DLL Debug - DLL Windows SSPI|x86
		DLL Debug - DLL wolfSSL|Itanium = DLL Debug - DLL wolfSSL|Itanium
		DLL Debug - DLL wolfSSL|x64 = DLL Debug - DLL wolfSSL|x64
		DLL Debug - DLL wolfSSL|x86 = DLL Debug - DLL wolfSSL|x86
		DLL Debug|Itanium = DLL Debug|Itanium
		DLL Debug|x64 = DLL Debug|x64
		DLL Debug|x86 = DLL Debug|x86
		DLL Release - DLL OpenSSL - DLL LibSSH2|Itanium = DLL Release - DLL OpenSSL - DLL LibSSH2|Itanium
		DLL Release - DLL OpenSSL - DLL LibSSH2|x64 = DLL Release - DLL OpenSSL - DLL LibSSH2|x64
		DLL Release - DLL OpenSSL - DLL LibSSH2|x86 = DLL Release - DLL OpenSSL - DLL LibSSH2|x86
		DLL Release - DLL OpenSSL|Itanium = DLL Release - DLL OpenSSL|Itanium
		DLL Release - DLL OpenSSL|x64 = DLL Release - DLL OpenSSL|x64
		DLL Release - DLL OpenSSL|x86 = DLL Release - DLL OpenSSL|x86
		DLL Release - DLL Windows SSPI - DLL WinIDN|Itanium = DLL Release - DLL Windows SSPI - DLL WinIDN|Itanium
		DLL Release - DLL Windows SSPI - DLL WinIDN|x64 = DLL Release - DLL Windows SSPI - DLL WinIDN|x64
		DLL Release - DLL Windows SSPI - DLL WinIDN|x86 = DLL Release - DLL Windows SSPI - DLL WinIDN|x86
		DLL Release - DLL Windows SSPI|Itanium = DLL Release - DLL Windows SSPI|Itanium
		DLL Release - DLL Windows SSPI|x64 = DLL Release - DLL Windows SSPI|x64
		DLL Release - DLL Windows SSPI|x86 = DLL Release - DLL Windows SSPI|x86
		DLL Release - DLL wolfSSL|Itanium = DLL Release - DLL wolfSSL|Itanium
		DLL Release - DLL wolfSSL|x64 = DLL Release - DLL wolfSSL|x64
		DLL Release - DLL wolfSSL|x86 = DLL Release - DLL wolfSSL|x86
		DLL Release|Itanium = DLL Release|Itanium
		DLL Release|x64 = DLL Release|x64
		DLL Release|x86 = DLL Release|x86
		LIB Debug - DLL OpenSSL - DLL LibSSH2|Itanium = LIB Debug - DLL OpenSSL - DLL LibSSH2|Itanium
		LIB Debug - DLL OpenSSL - DLL LibSSH2|x64 = LIB Debug - DLL OpenSSL - DLL LibSSH2|x64
		LIB Debug - DLL OpenSSL - DLL LibSSH2|x86 = LIB Debug - DLL OpenSSL - DLL LibSSH2|x86
		LIB Debug - DLL OpenSSL|Itanium = LIB Debug - DLL OpenSSL|Itanium
		LIB Debug - DLL OpenSSL|x64 = LIB Debug - DLL OpenSSL|x64
		LIB Debug - DLL OpenSSL|x86 = LIB Debug - DLL OpenSSL|x86
		LIB Debug - DLL Windows SSPI - DLL WinIDN|Itanium = LIB Debug - DLL Windows SSPI - DLL WinIDN|Itanium
		LIB Debug - DLL Windows SSPI - DLL WinIDN|x64 = LIB Debug - DLL Windows SSPI - DLL WinIDN|x64
		LIB Debug - DLL Windows SSPI - DLL WinIDN|x86 = LIB Debug - DLL Windows SSPI - DLL WinIDN|x86
		LIB Debug - DLL Windows SSPI|Itanium = LIB Debug - DLL Windows SSPI|Itanium
		LIB Debug - DLL Windows SSPI|x64 = LIB Debug - DLL Windows SSPI|x64
		LIB Debug - DLL Windows SSPI|x86 = LIB Debug - DLL Windows SSPI|x86
		LIB Debug - LIB OpenSSL - LIB LibSSH2|Itanium = LIB Debug - LIB OpenSSL - LIB LibSSH2|Itanium
		LIB Debug - LIB OpenSSL - LIB LibSSH2|x64 = LIB Debug - LIB OpenSSL - LIB LibSSH2|x64
		LIB Debug - LIB OpenSSL - LIB LibSSH2|x86 = LIB Debug - LIB OpenSSL - LIB LibSSH2|x86
		LIB Debug - LIB OpenSSL|Itanium = LIB Debug - LIB OpenSSL|Itanium
		LIB Debug - LIB OpenSSL|x64 = LIB Debug - LIB OpenSSL|x64
		LIB Debug - LIB OpenSSL|x86 = LIB Debug - LIB OpenSSL|x86
		LIB Debug - LIB wolfSSL|Itanium = LIB Debug - LIB wolfSSL|Itanium
		LIB Debug - LIB wolfSSL|x64 = LIB Debug - LIB wolfSSL|x64
		LIB Debug - LIB wolfSSL|x86 = LIB Debug - LIB wolfSSL|x86
		LIB Debug|Itanium = LIB Debug|Itanium
		LIB Debug|x64 = LIB Debug|x64
		LIB Debug|x86 = LIB Debug|x86
		LIB Release - DLL OpenSSL - DLL LibSSH2|Itanium = LIB Release - DLL OpenSSL - DLL LibSSH2|Itanium
		LIB Release - DLL OpenSSL - DLL LibSSH2|x64 = LIB Release - DLL OpenSSL - DLL LibSSH2|x64
		LIB Release - DLL OpenSSL - DLL LibSSH2|x86 = LIB Release - DLL OpenSSL - DLL LibSSH2|x86
		LIB Release - DLL OpenSSL|Itanium = LIB Release - DLL OpenSSL|Itanium
		LIB Release - DLL OpenSSL|x64 = LIB Release - DLL OpenSSL|x64
		LIB Release - DLL OpenSSL|x86 = LIB Release - DLL OpenSSL|x86
		LIB Release - DLL Windows SSPI - DLL WinIDN|Itanium = LIB Release - DLL Windows SSPI - DLL WinIDN|Itanium
		LIB Release - DLL Windows SSPI - DLL WinIDN|x64 = LIB Release - DLL Windows SSPI - DLL WinIDN|x64
		LIB Release - DLL Windows SSPI - DLL WinIDN|x86 = LIB Release - DLL Windows SSPI - DLL WinIDN|x86
		LIB Release - DLL Windows SSPI|Itanium = LIB Release - DLL Windows SSPI|Itanium
		LIB Release - DLL Windows SSPI|x64 = LIB Release - DLL Windows SSPI|x64
		LIB Release - DLL Windows SSPI|x86 = LIB Release - DLL Windows SSPI|x86
		LIB Release - LIB OpenSSL - LIB LibSSH2|Itanium = LIB Release - LIB OpenSSL - LIB LibSSH2|Itanium
		LIB Release - LIB OpenSSL - LIB LibSSH2|x64 = LIB Release - LIB OpenSSL - LIB LibSSH2|x64
		LIB Release - LIB OpenSSL - LIB LibSSH2|x86 = LIB Release - LIB OpenSSL - LIB LibSSH2|x86
		LIB Release - LIB OpenSSL|Itanium = LIB Release - LIB OpenSSL|Itanium
		LIB Release - LIB OpenSSL|x64 = LIB Release - LIB OpenSSL|x64
		LIB Release - LIB OpenSSL|x86 = LIB Release - LIB OpenSSL|x86
		LIB Release - LIB wolfSSL|Itanium = LIB Release - LIB wolfSSL|Itanium
		LIB Release - LIB wolfSSL|x64 = LIB Release - LIB wolfSSL|x64
		LIB Release - LIB wolfSSL|x86 = LIB Release - LIB wolfSSL|x86
		LIB Release|Itanium = LIB Release|Itanium
		LIB Release|x64 = LIB Release|x64
		LIB Release|x86 = LIB Release|x86
		Release|Itanium = Release|Itanium
		Release|x64 = Release|x64
		Release|x86 = Release|x86
		ReleaseWithoutAsm|Itanium = ReleaseWithoutAsm|Itanium
		ReleaseWithoutAsm|x64 = ReleaseWithoutAsm|x64
		ReleaseWithoutAsm|x86 = ReleaseWithoutAsm|x86
	EndGlobalSection
	GlobalSection(ProjectConfigurationPlatforms) = postSolution
		{72A2A1C0-EB84-47A4-99A5-79E5B969F814}.Debug|Itanium.ActiveCfg = Debug|Win32
		{72A2A1C0-EB84-47A4-99A5-79E5B969F814}.Debug|x64.ActiveCfg = Debug|x64
		{72A2A1C0-EB84-47A4-99A5-79E5B969F814}.Debug|x64.Build.0 = Debug|x64
		{72A2A1C0-EB84-47A4-99A5-79E5B969F814}.Debug|x86.ActiveCfg = Debug|Win32
		{72A2A1C0-EB84-47A4-99A5-79E5B969F814}.Debug|x86.Build.0 = Debug|Win32
		{72A2A1C0-EB84-47A4-99A5-79E5B969F814}.DLL Debug - DLL OpenSSL - DLL LibSSH2|Itanium.ActiveCfg = Release|Win32
		{72A2A1C0-EB84-47A4-99A5-79E5B969F814}.DLL Debug - DLL OpenSSL - DLL LibSSH2|Itanium.Build.0 = Release|Win32
		{72A2A1C0-EB84-47A4-99A5-79E5B969F814}.DLL Debug - DLL OpenSSL - DLL LibSSH2|x64.ActiveCfg = Debug|x64
		{72A2A1C0-EB84-47A4-99A5-79E5B969F814}.DLL Debug - DLL OpenSSL - DLL LibSSH2|x64.Build.0 = Debug|x64
		{72A2A1C0-EB84-47A4-99A5-79E5B969F814}.DLL Debug - DLL OpenSSL - DLL LibSSH2|x86.ActiveCfg = Debug|Win32
		{72A2A1C0-EB84-47A4-99A5-79E5B969F814}.DLL Debug - DLL OpenSSL - DLL LibSSH2|x86.Build.0 = Debug|Win32
		{72A2A1C0-EB84-47A4-99A5-79E5B969F814}.DLL Debug - DLL OpenSSL|Itanium.ActiveCfg = Release|Win32
		{72A2A1C0-EB84-47A4-99A5-79E5B969F814}.DLL Debug - DLL OpenSSL|Itanium.Build.0 = Release|Win32
		{72A2A1C0-EB84-47A4-99A5-79E5B969F814}.DLL Debug - DLL OpenSSL|x64.ActiveCfg = Debug|x64
		{72A2A1C0-EB84-47A4-99A5-79E5B969F814}.DLL Debug - DLL OpenSSL|x64.Build.0 = Debug|x64
		{72A2A1C0-EB84-47A4-99A5-79E5B969F814}.DLL Debug - DLL OpenSSL|x86.ActiveCfg = Debug|Win32
		{72A2A1C0-EB84-47A4-99A5-79E5B969F814}.DLL Debug - DLL OpenSSL|x86.Build.0 = Debug|Win32
		{72A2A1C0-EB84-47A4-99A5-79E5B969F814}.DLL Debug - DLL Windows SSPI - DLL WinIDN|Itanium.ActiveCfg = Release|Win32
		{72A2A1C0-EB84-47A4-99A5-79E5B969F814}.DLL Debug - DLL Windows SSPI - DLL WinIDN|Itanium.Build.0 = Release|Win32
		{72A2A1C0-EB84-47A4-99A5-79E5B969F814}.DLL Debug - DLL Windows SSPI - DLL WinIDN|x64.ActiveCfg = Debug|x64
		{72A2A1C0-EB84-47A4-99A5-79E5B969F814}.DLL Debug - DLL Windows SSPI - DLL WinIDN|x64.Build.0 = Debug|x64
		{72A2A1C0-EB84-47A4-99A5-79E5B969F814}.DLL Debug - DLL Windows SSPI - DLL WinIDN|x86.ActiveCfg = Debug|Win32
		{72A2A1C0-EB84-47A4-99A5-79E5B969F814}.DLL Debug - DLL Windows SSPI - DLL WinIDN|x86.Build.0 = Debug|Win32
		{72A2A1C0-EB84-47A4-99A5-79E5B969F814}.DLL Debug - DLL Windows SSPI|Itanium.ActiveCfg = Release|Win32
		{72A2A1C0-EB84-47A4-99A5-79E5B969F814}.DLL Debug - DLL Windows SSPI|Itanium.Build.0 = Release|Win32
		{72A2A1C0-EB84-47A4-99A5-79E5B969F814}.DLL Debug - DLL Windows SSPI|x64.ActiveCfg = Debug|x64
		{72A2A1C0-EB84-47A4-99A5-79E5B969F814}.DLL Debug - DLL Windows SSPI|x64.Build.0 = Debug|x64
		{72A2A1C0-EB84-47A4-99A5-79E5B969F814}.DLL Debug - DLL Windows SSPI|x86.ActiveCfg = Debug|Win32
		{72A2A1C0-EB84-47A4-99A5-79E5B969F814}.DLL Debug - DLL Windows SSPI|x86.Build.0 = Debug|Win32
		{72A2A1C0-EB84-47A4-99A5-79E5B969F814}.DLL Debug - DLL wolfSSL|Itanium.ActiveCfg = Release|Win32
		{72A2A1C0-EB84-47A4-99A5-79E5B969F814}.DLL Debug - DLL wolfSSL|Itanium.Build.0 = Release|Win32
		{72A2A1C0-EB84-47A4-99A5-79E5B969F814}.DLL Debug - DLL wolfSSL|x64.ActiveCfg = Debug|x64
		{72A2A1C0-EB84-47A4-99A5-79E5B969F814}.DLL Debug - DLL wolfSSL|x64.Build.0 = Debug|x64
		{72A2A1C0-EB84-47A4-99A5-79E5B969F814}.DLL Debug - DLL wolfSSL|x86.ActiveCfg = Debug|Win32
		{72A2A1C0-EB84-47A4-99A5-79E5B969F814}.DLL Debug - DLL wolfSSL|x86.Build.0 = Debug|Win32
		{72A2A1C0-EB84-47A4-99A5-79E5B969F814}.DLL Debug|Itanium.ActiveCfg = Release|Win32
		{72A2A1C0-EB84-47A4-99A5-79E5B969F814}.DLL Debug|Itanium.Build.0 = Release|Win32
		{72A2A1C0-EB84-47A4-99A5-79E5B969F814}.DLL Debug|x64.ActiveCfg = Debug|x64
		{72A2A1C0-EB84-47A4-99A5-79E5B969F814}.DLL Debug|x64.Build.0 = Debug|x64
		{72A2A1C0-EB84-47A4-99A5-79E5B969F814}.DLL Debug|x86.ActiveCfg = Debug|Win32
		{72A2A1C0-EB84-47A4-99A5-79E5B969F814}.DLL Debug|x86.Build.0 = Debug|Win32
		{72A2A1C0-EB84-47A4-99A5-79E5B969F814}.DLL Release - DLL OpenSSL - DLL LibSSH2|Itanium.ActiveCfg = Release|Win32
		{72A2A1C0-EB84-47A4-99A5-79E5B969F814}.DLL Release - DLL OpenSSL - DLL LibSSH2|Itanium.Build.0 = Release|Win32
		{72A2A1C0-EB84-47A4-99A5-79E5B969F814}.DLL Release - DLL OpenSSL - DLL LibSSH2|x64.ActiveCfg = Release|x64
		{72A2A1C0-EB84-47A4-99A5-79E5B969F814}.DLL Release - DLL OpenSSL - DLL LibSSH2|x64.Build.0 = Release|x64
		{72A2A1C0-EB84-47A4-99A5-79E5B969F814}.DLL Release - DLL OpenSSL - DLL LibSSH2|x86.ActiveCfg = Release|Win32
		{72A2A1C0-EB84-47A4-99A5-79E5B969F814}.DLL Release - DLL OpenSSL - DLL LibSSH2|x86.Build.0 = Release|Win32
		{72A2A1C0-EB84-47A4-99A5-79E5B969F814}.DLL Release - DLL OpenSSL|Itanium.ActiveCfg = Release|Win32
		{72A2A1C0-EB84-47A4-99A5-79E5B969F814}.DLL Release - DLL OpenSSL|Itanium.Build.0 = Release|Win32
		{72A2A1C0-EB84-47A4-99A5-79E5B969F814}.DLL Release - DLL OpenSSL|x64.ActiveCfg = Release|x64
		{72A2A1C0-EB84-47A4-99A5-79E5B969F814}.DLL Release - DLL OpenSSL|x64.Build.0 = Release|x64
		{72A2A1C0-EB84-47A4-99A5-79E5B969F814}.DLL Release - DLL OpenSSL|x86.ActiveCfg = Release|Win32
		{72A2A1C0-EB84-47A4-99A5-79E5B969F814}.DLL Release - DLL OpenSSL|x86.Build.0 = Release|Win32
		{72A2A1C0-EB84-47A4-99A5-79E5B969F814}.DLL Release - DLL Windows SSPI - DLL WinIDN|Itanium.ActiveCfg = Release|Win32
		{72A2A1C0-EB84-47A4-99A5-79E5B969F814}.DLL Release - DLL Windows SSPI - DLL WinIDN|Itanium.Build.0 = Release|Win32
		{72A2A1C0-EB84-47A4-99A5-79E5B969F814}.DLL Release - DLL Windows SSPI - DLL WinIDN|x64.ActiveCfg = Release|x64
		{72A2A1C0-EB84-47A4-99A5-79E5B969F814}.DLL Release - DLL Windows SSPI - DLL WinIDN|x64.Build.0 = Release|x64
		{72A2A1C0-EB84-47A4-99A5-79E5B969F814}.DLL Release - DLL Windows SSPI - DLL WinIDN|x86.ActiveCfg = Release|Win32
		{72A2A1C0-EB84-47A4-99A5-79E5B969F814}.DLL Release - DLL Windows SSPI - DLL WinIDN|x86.Build.0 = Release|Win32
		{72A2A1C0-EB84-47A4-99A5-79E5B969F814}.DLL Release - DLL Windows SSPI|Itanium.ActiveCfg = Release|Win32
		{72A2A1C0-EB84-47A4-99A5-79E5B969F814}.DLL Release - DLL Windows SSPI|Itanium.Build.0 = Release|Win32
		{72A2A1C0-EB84-47A4-99A5-79E5B969F814}.DLL Release - DLL Windows SSPI|x64.ActiveCfg = Release|x64
		{72A2A1C0-EB84-47A4-99A5-79E5B969F814}.DLL Release - DLL Windows SSPI|x64.Build.0 = Release|x64
		{72A2A1C0-EB84-47A4-99A5-79E5B969F814}.DLL Release - DLL Windows SSPI|x86.ActiveCfg = Release|Win32
		{72A2A1C0-EB84-47A4-99A5-79E5B969F814}.DLL Release - DLL Windows SSPI|x86.Build.0 = Release|Win32
		{72A2A1C0-EB84-47A4-99A5-79E5B969F814}.DLL Release - DLL wolfSSL|Itanium.ActiveCfg = Release|Win32
		{72A2A1C0-EB84-47A4-99A5-79E5B969F814}.DLL Release - DLL wolfSSL|Itanium.Build.0 = Release|Win32
		{72A2A1C0-EB84-47A4-99A5-79E5B969F814}.DLL Release - DLL wolfSSL|x64.ActiveCfg = Release|x64
		{72A2A1C0-EB84-47A4-99A5-79E5B969F814}.DLL Release - DLL wolfSSL|x64.Build.0 = Release|x64
		{72A2A1C0-EB84-47A4-99A5-79E5B969F814}.DLL Release - DLL wolfSSL|x86.ActiveCfg = Release|Win32
		{72A2A1C0-EB84-47A4-99A5-79E5B969F814}.DLL Release - DLL wolfSSL|x86.Build.0 = Release|Win32
		{72A2A1C0-EB84-47A4-99A5-79E5B969F814}.DLL Release|Itanium.ActiveCfg = Release|Win32
		{72A2A1C0-EB84-47A4-99A5-79E5B969F814}.DLL Release|Itanium.Build.0 = Release|Win32
		{72A2A1C0-EB84-47A4-99A5-79E5B969F814}.DLL Release|x64.ActiveCfg = Release|x64
		{72A2A1C0-EB84-47A4-99A5-79E5B969F814}.DLL Release|x64.Build.0 = Release|x64
		{72A2A1C0-EB84-47A4-99A5-79E5B969F814}.DLL Release|x86.ActiveCfg = Release|Win32
		{72A2A1C0-EB84-47A4-99A5-79E5B969F814}.DLL Release|x86.Build.0 = Release|Win32
		{72A2A1C0-EB84-47A4-99A5-79E5B969F814}.LIB Debug - DLL OpenSSL - DLL LibSSH2|Itanium.ActiveCfg = Release|Win32
		{72A2A1C0-EB84-47A4-99A5-79E5B969F814}.LIB Debug - DLL OpenSSL - DLL LibSSH2|Itanium.Build.0 = Release|Win32
		{72A2A1C0-EB84-47A4-99A5-79E5B969F814}.LIB Debug - DLL OpenSSL - DLL LibSSH2|x64.ActiveCfg = Debug|x64
		{72A2A1C0-EB84-47A4-99A5-79E5B969F814}.LIB Debug - DLL OpenSSL - DLL LibSSH2|x64.Build.0 = Debug|x64
		{72A2A1C0-EB84-47A4-99A5-79E5B969F814}.LIB Debug - DLL OpenSSL - DLL LibSSH2|x86.ActiveCfg = Debug|Win32
		{72A2A1C0-EB84-47A4-99A5-79E5B969F814}.LIB Debug - DLL OpenSSL - DLL LibSSH2|x86.Build.0 = Debug|Win32
		{72A2A1C0-EB84-47A4-99A5-79E5B969F814}.LIB Debug - DLL OpenSSL|Itanium.ActiveCfg = Release|Win32
		{72A2A1C0-EB84-47A4-99A5-79E5B969F814}.LIB Debug - DLL OpenSSL|Itanium.Build.0 = Release|Win32
		{72A2A1C0-EB84-47A4-99A5-79E5B969F814}.LIB Debug - DLL OpenSSL|x64.ActiveCfg = Debug|x64
		{72A2A1C0-EB84-47A4-99A5-79E5B969F814}.LIB Debug - DLL OpenSSL|x64.Build.0 = Debug|x64
		{72A2A1C0-EB84-47A4-99A5-79E5B969F814}.LIB Debug - DLL OpenSSL|x86.ActiveCfg = Debug|Win32
		{72A2A1C0-EB84-47A4-99A5-79E5B969F814}.LIB Debug - DLL OpenSSL|x86.Build.0 = Debug|Win32
		{72A2A1C0-EB84-47A4-99A5-79E5B969F814}.LIB Debug - DLL Windows SSPI - DLL WinIDN|Itanium.ActiveCfg = Release|Win32
		{72A2A1C0-EB84-47A4-99A5-79E5B969F814}.LIB Debug - DLL Windows SSPI - DLL WinIDN|Itanium.Build.0 = Release|Win32
		{72A2A1C0-EB84-47A4-99A5-79E5B969F814}.LIB Debug - DLL Windows SSPI - DLL WinIDN|x64.ActiveCfg = Debug|x64
		{72A2A1C0-EB84-47A4-99A5-79E5B969F814}.LIB Debug - DLL Windows SSPI - DLL WinIDN|x64.Build.0 = Debug|x64
		{72A2A1C0-EB84-47A4-99A5-79E5B969F814}.LIB Debug - DLL Windows SSPI - DLL WinIDN|x86.ActiveCfg = Debug|Win32
		{72A2A1C0-EB84-47A4-99A5-79E5B969F814}.LIB Debug - DLL Windows SSPI - DLL WinIDN|x86.Build.0 = Debug|Win32
		{72A2A1C0-EB84-47A4-99A5-79E5B969F814}.LIB Debug - DLL Windows SSPI|Itanium.ActiveCfg = Release|Win32
		{72A2A1C0-EB84-47A4-99A5-79E5B969F814}.LIB Debug - DLL Windows SSPI|Itanium.Build.0 = Release|Win32
		{72A2A1C0-EB84-47A4-99A5-79E5B969F814}.LIB Debug - DLL Windows SSPI|x64.ActiveCfg = Debug|x64
		{72A2A1C0-EB84-47A4-99A5-79E5B969F814}.LIB Debug - DLL Windows SSPI|x64.Build.0 = Debug|x64
		{72A2A1C0-EB84-47A4-99A5-79E5B969F814}.LIB Debug - DLL Windows SSPI|x86.ActiveCfg = Debug|Win32
		{72A2A1C0-EB84-47A4-99A5-79E5B969F814}.LIB Debug - DLL Windows SSPI|x86.Build.0 = Debug|Win32
		{72A2A1C0-EB84-47A4-99A5-79E5B969F814}.LIB Debug - LIB OpenSSL - LIB LibSSH2|Itanium.ActiveCfg = Release|Win32
		{72A2A1C0-EB84-47A4-99A5-79E5B969F814}.LIB Debug - LIB OpenSSL - LIB LibSSH2|Itanium.Build.0 = Release|Win32
		{72A2A1C0-EB84-47A4-99A5-79E5B969F814}.LIB Debug - LIB OpenSSL - LIB LibSSH2|x64.ActiveCfg = Debug|x64
		{72A2A1C0-EB84-47A4-99A5-79E5B969F814}.LIB Debug - LIB OpenSSL - LIB LibSSH2|x64.Build.0 = Debug|x64
		{72A2A1C0-EB84-47A4-99A5-79E5B969F814}.LIB Debug - LIB OpenSSL - LIB LibSSH2|x86.ActiveCfg = Debug|Win32
		{72A2A1C0-EB84-47A4-99A5-79E5B969F814}.LIB Debug - LIB OpenSSL - LIB LibSSH2|x86.Build.0 = Debug|Win32
		{72A2A1C0-EB84-47A4-99A5-79E5B969F814}.LIB Debug - LIB OpenSSL|Itanium.ActiveCfg = Release|Win32
		{72A2A1C0-EB84-47A4-99A5-79E5B969F814}.LIB Debug - LIB OpenSSL|Itanium.Build.0 = Release|Win32
		{72A2A1C0-EB84-47A4-99A5-79E5B969F814}.LIB Debug - LIB OpenSSL|x64.ActiveCfg = Debug|x64
		{72A2A1C0-EB84-47A4-99A5-79E5B969F814}.LIB Debug - LIB OpenSSL|x64.Build.0 = Debug|x64
		{72A2A1C0-EB84-47A4-99A5-79E5B969F814}.LIB Debug - LIB OpenSSL|x86.ActiveCfg = Debug|Win32
		{72A2A1C0-EB84-47A4-99A5-79E5B969F814}.LIB Debug - LIB OpenSSL|x86.Build.0 = Debug|Win32
		{72A2A1C0-EB84-47A4-99A5-79E5B969F814}.LIB Debug - LIB wolfSSL|Itanium.ActiveCfg = Release|Win32
		{72A2A1C0-EB84-47A4-99A5-79E5B969F814}.LIB Debug - LIB wolfSSL|Itanium.Build.0 = Release|Win32
		{72A2A1C0-EB84-47A4-99A5-79E5B969F814}.LIB Debug - LIB wolfSSL|x64.ActiveCfg = Debug|x64
		{72A2A1C0-EB84-47A4-99A5-79E5B969F814}.LIB Debug - LIB wolfSSL|x64.Build.0 = Debug|x64
		{72A2A1C0-EB84-47A4-99A5-79E5B969F814}.LIB Debug - LIB wolfSSL|x86.ActiveCfg = Debug|Win32
		{72A2A1C0-EB84-47A4-99A5-79E5B969F814}.LIB Debug - LIB wolfSSL|x86.Build.0 = Debug|Win32
		{72A2A1C0-EB84-47A4-99A5-79E5B969F814}.LIB Debug|Itanium.ActiveCfg = Release|Win32
		{72A2A1C0-EB84-47A4-99A5-79E5B969F814}.LIB Debug|Itanium.Build.0 = Release|Win32
		{72A2A1C0-EB84-47A4-99A5-79E5B969F814}.LIB Debug|x64.ActiveCfg = Debug|x64
		{72A2A1C0-EB84-47A4-99A5-79E5B969F814}.LIB Debug|x64.Build.0 = Debug|x64
		{72A2A1C0-EB84-47A4-99A5-79E5B969F814}.LIB Debug|x86.ActiveCfg = Debug|Win32
		{72A2A1C0-EB84-47A4-99A5-79E5B969F814}.LIB Debug|x86.Build.0 = Debug|Win32
		{72A2A1C0-EB84-47A4-99A5-79E5B969F814}.LIB Release - DLL OpenSSL - DLL LibSSH2|Itanium.ActiveCfg = Release|Win32
		{72A2A1C0-EB84-47A4-99A5-79E5B969F814}.LIB Release - DLL OpenSSL - DLL LibSSH2|Itanium.Build.0 = Release|Win32
		{72A2A1C0-EB84-47A4-99A5-79E5B969F814}.LIB Release - DLL OpenSSL - DLL LibSSH2|x64.ActiveCfg = Release|x64
		{72A2A1C0-EB84-47A4-99A5-79E5B969F814}.LIB Release - DLL OpenSSL - DLL LibSSH2|x64.Build.0 = Release|x64
		{72A2A1C0-EB84-47A4-99A5-79E5B969F814}.LIB Release - DLL OpenSSL - DLL LibSSH2|x86.ActiveCfg = Release|Win32
		{72A2A1C0-EB84-47A4-99A5-79E5B969F814}.LIB Release - DLL OpenSSL - DLL LibSSH2|x86.Build.0 = Release|Win32
		{72A2A1C0-EB84-47A4-99A5-79E5B969F814}.LIB Release - DLL OpenSSL|Itanium.ActiveCfg = Release|Win32
		{72A2A1C0-EB84-47A4-99A5-79E5B969F814}.LIB Release - DLL OpenSSL|Itanium.Build.0 = Release|Win32
		{72A2A1C0-EB84-47A4-99A5-79E5B969F814}.LIB Release - DLL OpenSSL|x64.ActiveCfg = Release|x64
		{72A2A1C0-EB84-47A4-99A5-79E5B969F814}.LIB Release - DLL OpenSSL|x64.Build.0 = Release|x64
		{72A2A1C0-EB84-47A4-99A5-79E5B969F814}.LIB Release - DLL OpenSSL|x86.ActiveCfg = Release|Win32
		{72A2A1C0-EB84-47A4-99A5-79E5B969F814}.LIB Release - DLL OpenSSL|x86.Build.0 = Release|Win32
		{72A2A1C0-EB84-47A4-99A5-79E5B969F814}.LIB Release - DLL Windows SSPI - DLL WinIDN|Itanium.ActiveCfg = Release|Win32
		{72A2A1C0-EB84-47A4-99A5-79E5B969F814}.LIB Release - DLL Windows SSPI - DLL WinIDN|Itanium.Build.0 = Release|Win32
		{72A2A1C0-EB84-47A4-99A5-79E5B969F814}.LIB Release - DLL Windows SSPI - DLL WinIDN|x64.ActiveCfg = Release|x64
		{72A2A1C0-EB84-47A4-99A5-79E5B969F814}.LIB Release - DLL Windows SSPI - DLL WinIDN|x64.Build.0 = Release|x64
		{72A2A1C0-EB84-47A4-99A5-79E5B969F814}.LIB Release - DLL Windows SSPI - DLL WinIDN|x86.ActiveCfg = Release|Win32
		{72A2A1C0-EB84-47A4-99A5-79E5B969F814}.LIB Release - DLL Windows SSPI - DLL WinIDN|x86.Build.0 = Release|Win32
		{72A2A1C0-EB84-47A4-99A5-79E5B969F814}.LIB Release - DLL Windows SSPI|Itanium.ActiveCfg = Release|Win32
		{72A2A1C0-EB84-47A4-99A5-79E5B969F814}.LIB Release - DLL Windows SSPI|Itanium.Build.0 = Release|Win32
		{72A2A1C0-EB84-47A4-99A5-79E5B969F814}.LIB Release - DLL Windows SSPI|x64.ActiveCfg = Release|x64
		{72A2A1C0-EB84-47A4-99A5-79E5B969F814}.LIB Release - DLL Windows SSPI|x64.Build.0 = Release|x64
		{72A2A1C0-EB84-47A4-99A5-79E5B969F814}.LIB Release - DLL Windows SSPI|x86.ActiveCfg = Release|Win32
		{72A2A1C0-EB84-47A4-99A5-79E5B969F814}.LIB Release - DLL Windows SSPI|x86.Build.0 = Release|Win32
		{72A2A1C0-EB84-47A4-99A5-79E5B969F814}.LIB Release - LIB OpenSSL - LIB LibSSH2|Itanium.ActiveCfg = Release|Win32
		{72A2A1C0-EB84-47A4-99A5-79E5B969F814}.LIB Release - LIB OpenSSL - LIB LibSSH2|Itanium.Build.0 = Release|Win32
		{72A2A1C0-EB84-47A4-99A5-79E5B969F814}.LIB Release - LIB OpenSSL - LIB LibSSH2|x64.ActiveCfg = Release|x64
		{72A2A1C0-EB84-47A4-99A5-79E5B969F814}.LIB Release - LIB OpenSSL - LIB LibSSH2|x64.Build.0 = Release|x64
		{72A2A1C0-EB84-47A4-99A5-79E5B969F814}.LIB Release - LIB OpenSSL - LIB LibSSH2|x86.ActiveCfg = Release|Win32
		{72A2A1C0-EB84-47A4-99A5-79E5B969F814}.LIB Release - LIB OpenSSL - LIB LibSSH2|x86.Build.0 = Release|Win32
		{72A2A1C0-EB84-47A4-99A5-79E5B969F814}.LIB Release - LIB OpenSSL|Itanium.ActiveCfg = Release|Win32
		{72A2A1C0-EB84-47A4-99A5-79E5B969F814}.LIB Release - LIB OpenSSL|Itanium.Build.0 = Release|Win32
		{72A2A1C0-EB84-47A4-99A5-79E5B969F814}.LIB Release - LIB OpenSSL|x64.ActiveCfg = Release|x64
		{72A2A1C0-EB84-47A4-99A5-79E5B969F814}.LIB Release - LIB OpenSSL|x64.Build.0 = Release|x64
		{72A2A1C0-EB84-47A4-99A5-79E5B969F814}.LIB Release - LIB OpenSSL|x86.ActiveCfg = Release|Win32
		{72A2A1C0-EB84-47A4-99A5-79E5B969F814}.LIB Release - LIB OpenSSL|x86.Build.0 = Release|Win32
		{72A2A1C0-EB84-47A4-99A5-79E5B969F814}.LIB Release - LIB wolfSSL|Itanium.ActiveCfg = Release|Win32
		{72A2A1C0-EB84-47A4-99A5-79E5B969F814}.LIB Release - LIB wolfSSL|Itanium.Build.0 = Release|Win32
		{72A2A1C0-EB84-47A4-99A5-79E5B969F814}.LIB Release - LIB wolfSSL|x64.ActiveCfg = Release|x64
		{72A2A1C0-EB84-47A4-99A5-79E5B969F814}.LIB Release - LIB wolfSSL|x64.Build.0 = Release|x64
		{72A2A1C0-EB84-47A4-99A5-79E5B969F814}.LIB Release - LIB wolfSSL|x86.ActiveCfg = Release|Win32
		{72A2A1C0-EB84-47A4-99A5-79E5B969F814}.LIB Release - LIB wolfSSL|x86.Build.0 = Release|Win32
		{72A2A1C0-EB84-47A4-99A5-79E5B969F814}.LIB Release|Itanium.ActiveCfg = Release|Win32
		{72A2A1C0-EB84-47A4-99A5-79E5B969F814}.LIB Release|Itanium.Build.0 = Release|Win32
		{72A2A1C0-EB84-47A4-99A5-79E5B969F814}.LIB Release|x64.ActiveCfg = Release|x64
		{72A2A1C0-EB84-47A4-99A5-79E5B969F814}.LIB Release|x64.Build.0 = Release|x64
		{72A2A1C0-EB84-47A4-99A5-79E5B969F814}.LIB Release|x86.ActiveCfg = Release|Win32
		{72A2A1C0-EB84-47A4-99A5-79E5B969F814}.LIB Release|x86.Build.0 = Release|Win32
		{72A2A1C0-EB84-47A4-99A5-79E5B969F814}.Release|Itanium.ActiveCfg = Release|Win32
		{72A2A1C0-EB84-47A4-99A5-79E5B969F814}.Release|x64.ActiveCfg = Release|x64
		{72A2A1C0-EB84-47A4-99A5-79E5B969F814}.Release|x64.Build.0 = Release|x64
		{72A2A1C0-EB84-47A4-99A5-79E5B969F814}.Release|x86.ActiveCfg = Release|Win32
		{72A2A1C0-EB84-47A4-99A5-79E5B969F814}.Release|x86.Build.0 = Release|Win32
		{72A2A1C0-EB84-47A4-99A5-79E5B969F814}.ReleaseWithoutAsm|Itanium.ActiveCfg = Release|Win32
		{72A2A1C0-EB84-47A4-99A5-79E5B969F814}.ReleaseWithoutAsm|Itanium.Build.0 = Release|Win32
		{72A2A1C0-EB84-47A4-99A5-79E5B969F814}.ReleaseWithoutAsm|x64.ActiveCfg = Release|x64
		{72A2A1C0-EB84-47A4-99A5-79E5B969F814}.ReleaseWithoutAsm|x64.Build.0 = Release|x64
		{72A2A1C0-EB84-47A4-99A5-79E5B969F814}.ReleaseWithoutAsm|x86.ActiveCfg = Release|Win32
		{72A2A1C0-EB84-47A4-99A5-79E5B969F814}.ReleaseWithoutAsm|x86.Build.0 = Release|Win32
		{745DEC58-EBB3-47A9-A9B8-4C6627C01BF8}.Debug|Itanium.ActiveCfg = Debug|Itanium
		{745DEC58-EBB3-47A9-A9B8-4C6627C01BF8}.Debug|Itanium.Build.0 = Debug|Itanium
		{745DEC58-EBB3-47A9-A9B8-4C6627C01BF8}.Debug|x64.ActiveCfg = Debug|x64
		{745DEC58-EBB3-47A9-A9B8-4C6627C01BF8}.Debug|x64.Build.0 = Debug|x64
		{745DEC58-EBB3-47A9-A9B8-4C6627C01BF8}.Debug|x86.ActiveCfg = Debug|Win32
		{745DEC58-EBB3-47A9-A9B8-4C6627C01BF8}.Debug|x86.Build.0 = Debug|Win32
		{745DEC58-EBB3-47A9-A9B8-4C6627C01BF8}.DLL Debug - DLL OpenSSL - DLL LibSSH2|Itanium.ActiveCfg = Debug|Itanium
		{745DEC58-EBB3-47A9-A9B8-4C6627C01BF8}.DLL Debug - DLL OpenSSL - DLL LibSSH2|Itanium.Build.0 = Debug|Itanium
		{745DEC58-EBB3-47A9-A9B8-4C6627C01BF8}.DLL Debug - DLL OpenSSL - DLL LibSSH2|x64.ActiveCfg = Debug|x64
		{745DEC58-EBB3-47A9-A9B8-4C6627C01BF8}.DLL Debug - DLL OpenSSL - DLL LibSSH2|x64.Build.0 = Debug|x64
		{745DEC58-EBB3-47A9-A9B8-4C6627C01BF8}.DLL Debug - DLL OpenSSL - DLL LibSSH2|x86.ActiveCfg = Debug|Win32
		{745DEC58-EBB3-47A9-A9B8-4C6627C01BF8}.DLL Debug - DLL OpenSSL - DLL LibSSH2|x86.Build.0 = Debug|Win32
		{745DEC58-EBB3-47A9-A9B8-4C6627C01BF8}.DLL Debug - DLL OpenSSL|Itanium.ActiveCfg = Debug|Itanium
		{745DEC58-EBB3-47A9-A9B8-4C6627C01BF8}.DLL Debug - DLL OpenSSL|Itanium.Build.0 = Debug|Itanium
		{745DEC58-EBB3-47A9-A9B8-4C6627C01BF8}.DLL Debug - DLL OpenSSL|x64.ActiveCfg = Debug|x64
		{745DEC58-EBB3-47A9-A9B8-4C6627C01BF8}.DLL Debug - DLL OpenSSL|x64.Build.0 = Debug|x64
		{745DEC58-EBB3-47A9-A9B8-4C6627C01BF8}.DLL Debug - DLL OpenSSL|x86.ActiveCfg = Debug|Win32
		{745DEC58-EBB3-47A9-A9B8-4C6627C01BF8}.DLL Debug - DLL OpenSSL|x86.Build.0 = Debug|Win32
		{745DEC58-EBB3-47A9-A9B8-4C6627C01BF8}.DLL Debug - DLL Windows SSPI - DLL WinIDN|Itanium.ActiveCfg = Debug|Itanium
		{745DEC58-EBB3-47A9-A9B8-4C6627C01BF8}.DLL Debug - DLL Windows SSPI - DLL WinIDN|Itanium.Build.0 = Debug|Itanium
		{745DEC58-EBB3-47A9-A9B8-4C6627C01BF8}.DLL Debug - DLL Windows SSPI - DLL WinIDN|x64.ActiveCfg = Debug|x64
		{745DEC58-EBB3-47A9-A9B8-4C6627C01BF8}.DLL Debug - DLL Windows SSPI - DLL WinIDN|x64.Build.0 = Debug|x64
		{745DEC58-EBB3-47A9-A9B8-4C6627C01BF8}.DLL Debug - DLL Windows SSPI - DLL WinIDN|x86.ActiveCfg = Debug|Win32
		{745DEC58-EBB3-47A9-A9B8-4C6627C01BF8}.DLL Debug - DLL Windows SSPI - DLL WinIDN|x86.Build.0 = Debug|Win32
		{745DEC58-EBB3-47A9-A9B8-4C6627C01BF8}.DLL Debug - DLL Windows SSPI|Itanium.ActiveCfg = Debug|Itanium
		{745DEC58-EBB3-47A9-A9B8-4C6627C01BF8}.DLL Debug - DLL Windows SSPI|Itanium.Build.0 = Debug|Itanium
		{745DEC58-EBB3-47A9-A9B8-4C6627C01BF8}.DLL Debug - DLL Windows SSPI|x64.ActiveCfg = Debug|x64
		{745DEC58-EBB3-47A9-A9B8-4C6627C01BF8}.DLL Debug - DLL Windows SSPI|x64.Build.0 = Debug|x64
		{745DEC58-EBB3-47A9-A9B8-4C6627C01BF8}.DLL Debug - DLL Windows SSPI|x86.ActiveCfg = Debug|Win32
		{745DEC58-EBB3-47A9-A9B8-4C6627C01BF8}.DLL Debug - DLL Windows SSPI|x86.Build.0 = Debug|Win32
		{745DEC58-EBB3-47A9-A9B8-4C6627C01BF8}.DLL Debug - DLL wolfSSL|Itanium.ActiveCfg = Debug|Itanium
		{745DEC58-EBB3-47A9-A9B8-4C6627C01BF8}.DLL Debug - DLL wolfSSL|Itanium.Build.0 = Debug|Itanium
		{745DEC58-EBB3-47A9-A9B8-4C6627C01BF8}.DLL Debug - DLL wolfSSL|x64.ActiveCfg = Debug|x64
		{745DEC58-EBB3-47A9-A9B8-4C6627C01BF8}.DLL Debug - DLL wolfSSL|x64.Build.0 = Debug|x64
		{745DEC58-EBB3-47A9-A9B8-4C6627C01BF8}.DLL Debug - DLL wolfSSL|x86.ActiveCfg = Debug|Win32
		{745DEC58-EBB3-47A9-A9B8-4C6627C01BF8}.DLL Debug - DLL wolfSSL|x86.Build.0 = Debug|Win32
		{745DEC58-EBB3-47A9-A9B8-4C6627C01BF8}.DLL Debug|Itanium.ActiveCfg = Debug|Itanium
		{745DEC58-EBB3-47A9-A9B8-4C6627C01BF8}.DLL Debug|Itanium.Build.0 = Debug|Itanium
		{745DEC58-EBB3-47A9-A9B8-4C6627C01BF8}.DLL Debug|x64.ActiveCfg = Debug|x64
		{745DEC58-EBB3-47A9-A9B8-4C6627C01BF8}.DLL Debug|x64.Build.0 = Debug|x64
		{745DEC58-EBB3-47A9-A9B8-4C6627C01BF8}.DLL Debug|x86.ActiveCfg = Debug|Win32
		{745DEC58-EBB3-47A9-A9B8-4C6627C01BF8}.DLL Debug|x86.Build.0 = Debug|Win32
		{745DEC58-EBB3-47A9-A9B8-4C6627C01BF8}.DLL Release - DLL OpenSSL - DLL LibSSH2|Itanium.ActiveCfg = Release|Itanium
		{745DEC58-EBB3-47A9-A9B8-4C6627C01BF8}.DLL Release - DLL OpenSSL - DLL LibSSH2|Itanium.Build.0 = Release|Itanium
		{745DEC58-EBB3-47A9-A9B8-4C6627C01BF8}.DLL Release - DLL OpenSSL - DLL LibSSH2|x64.ActiveCfg = Release|x64
		{745DEC58-EBB3-47A9-A9B8-4C6627C01BF8}.DLL Release - DLL OpenSSL - DLL LibSSH2|x64.Build.0 = Release|x64
		{745DEC58-EBB3-47A9-A9B8-4C6627C01BF8}.DLL Release - DLL OpenSSL - DLL LibSSH2|x86.ActiveCfg = Release|Win32
		{745DEC58-EBB3-47A9-A9B8-4C6627C01BF8}.DLL Release - DLL OpenSSL - DLL LibSSH2|x86.Build.0 = Release|Win32
		{745DEC58-EBB3-47A9-A9B8-4C6627C01BF8}.DLL Release - DLL OpenSSL|Itanium.ActiveCfg = Release|Itanium
		{745DEC58-EBB3-47A9-A9B8-4C6627C01BF8}.DLL Release - DLL OpenSSL|Itanium.Build.0 = Release|Itanium
		{745DEC58-EBB3-47A9-A9B8-4C6627C01BF8}.DLL Release - DLL OpenSSL|x64.ActiveCfg = Release|x64
		{745DEC58-EBB3-47A9-A9B8-4C6627C01BF8}.DLL Release - DLL OpenSSL|x64.Build.0 = Release|x64
		{745DEC58-EBB3-47A9-A9B8-4C6627C01BF8}.DLL Release - DLL OpenSSL|x86.ActiveCfg = Release|Win32
		{745DEC58-EBB3-47A9-A9B8-4C6627C01BF8}.DLL Release - DLL OpenSSL|x86.Build.0 = Release|Win32
		{745DEC58-EBB3-47A9-A9B8-4C6627C01BF8}.DLL Release - DLL Windows SSPI - DLL WinIDN|Itanium.ActiveCfg = Release|Itanium
		{745DEC58-EBB3-47A9-A9B8-4C6627C01BF8}.DLL Release - DLL Windows SSPI - DLL WinIDN|Itanium.Build.0 = Release|Itanium
		{745DEC58-EBB3-47A9-A9B8-4C6627C01BF8}.DLL Release - DLL Windows SSPI - DLL WinIDN|x64.ActiveCfg = Release|x64
		{745DEC58-EBB3-47A9-A9B8-4C6627C01BF8}.DLL Release - DLL Windows SSPI - DLL WinIDN|x64.Build.0 = Release|x64
		{745DEC58-EBB3-47A9-A9B8-4C6627C01BF8}.DLL Release - DLL Windows SSPI - DLL WinIDN|x86.ActiveCfg = Release|Win32
		{745DEC58-EBB3-47A9-A9B8-4C6627C01BF8}.DLL Release - DLL Windows SSPI - DLL WinIDN|x86.Build.0 = Release|Win32
		{745DEC58-EBB3-47A9-A9B8-4C6627C01BF8}.DLL Release - DLL Windows SSPI|Itanium.ActiveCfg = Release|Itanium
		{745DEC58-EBB3-47A9-A9B8-4C6627C01BF8}.DLL Release - DLL Windows SSPI|Itanium.Build.0 = Release|Itanium
		{745DEC58-EBB3-47A9-A9B8-4C6627C01BF8}.DLL Release - DLL Windows SSPI|x64.ActiveCfg = Release|x64
		{745DEC58-EBB3-47A9-A9B8-4C6627C01BF8}.DLL Release - DLL Windows SSPI|x64.Build.0 = Release|x64
		{745DEC58-EBB3-47A9-A9B8-4C6627C01BF8}.DLL Release - DLL Windows SSPI|x86.ActiveCfg = Release|Win32
		{745DEC58-EBB3-47A9-A9B8-4C6627C01BF8}.DLL Release - DLL Windows SSPI|x86.Build.0 = Release|Win32
		{745DEC58-EBB3-47A9-A9B8-4C6627C01BF8}.DLL Release - DLL wolfSSL|Itanium.ActiveCfg = Release|Itanium
		{745DEC58-EBB3-47A9-A9B8-4C6627C01BF8}.DLL Release - DLL wolfSSL|Itanium.Build.0 = Release|Itanium
		{745DEC58-EBB3-47A9-A9B8-4C6627C01BF8}.DLL Release - DLL wolfSSL|x64.ActiveCfg = Release|x64
		{745DEC58-EBB3-47A9-A9B8-4C6627C01BF8}.DLL Release - DLL wolfSSL|x64.Build.0 = Release|x64
		{745DEC58-EBB3-47A9-A9B8-4C6627C01BF8}.DLL Release - DLL wolfSSL|x86.ActiveCfg = Release|Win32
		{745DEC58-EBB3-47A9-A9B8-4C6627C01BF8}.DLL Release - DLL wolfSSL|x86.Build.0 = Release|Win32
		{745DEC58-EBB3-47A9-A9B8-4C6627C01BF8}.DLL Release|Itanium.ActiveCfg = Release|Itanium
		{745DEC58-EBB3-47A9-A9B8-4C6627C01BF8}.DLL Release|Itanium.Build.0 = Release|Itanium
		{745DEC58-EBB3-47A9-A9B8-4C6627C01BF8}.DLL Release|x64.ActiveCfg = Release|x64
		{745DEC58-EBB3-47A9-A9B8-4C6627C01BF8}.DLL Release|x64.Build.0 = Release|x64
		{745DEC58-EBB3-47A9-A9B8-4C6627C01BF8}.DLL Release|x86.ActiveCfg = Release|Win32
		{745DEC58-EBB3-47A9-A9B8-4C6627C01BF8}.DLL Release|x86.Build.0 = Release|Win32
		{745DEC58-EBB3-47A9-A9B8-4C6627C01BF8}.LIB Debug - DLL OpenSSL - DLL LibSSH2|Itanium.ActiveCfg = Debug|Itanium
		{745DEC58-EBB3-47A9-A9B8-4C6627C01BF8}.LIB Debug - DLL OpenSSL - DLL LibSSH2|Itanium.Build.0 = Debug|Itanium
		{745DEC58-EBB3-47A9-A9B8-4C6627C01BF8}.LIB Debug - DLL OpenSSL - DLL LibSSH2|x64.ActiveCfg = Debug|x64
		{745DEC58-EBB3-47A9-A9B8-4C6627C01BF8}.LIB Debug - DLL OpenSSL - DLL LibSSH2|x64.Build.0 = Debug|x64
		{745DEC58-EBB3-47A9-A9B8-4C6627C01BF8}.LIB Debug - DLL OpenSSL - DLL LibSSH2|x86.ActiveCfg = Debug|Win32
		{745DEC58-EBB3-47A9-A9B8-4C6627C01BF8}.LIB Debug - DLL OpenSSL - DLL LibSSH2|x86.Build.0 = Debug|Win32
		{745DEC58-EBB3-47A9-A9B8-4C6627C01BF8}.LIB Debug - DLL OpenSSL|Itanium.ActiveCfg = Debug|Itanium
		{745DEC58-EBB3-47A9-A9B8-4C6627C01BF8}.LIB Debug - DLL OpenSSL|Itanium.Build.0 = Debug|Itanium
		{745DEC58-EBB3-47A9-A9B8-4C6627C01BF8}.LIB Debug - DLL OpenSSL|x64.ActiveCfg = Debug|x64
		{745DEC58-EBB3-47A9-A9B8-4C6627C01BF8}.LIB Debug - DLL OpenSSL|x64.Build.0 = Debug|x64
		{745DEC58-EBB3-47A9-A9B8-4C6627C01BF8}.LIB Debug - DLL OpenSSL|x86.ActiveCfg = Debug|Win32
		{745DEC58-EBB3-47A9-A9B8-4C6627C01BF8}.LIB Debug - DLL OpenSSL|x86.Build.0 = Debug|Win32
		{745DEC58-EBB3-47A9-A9B8-4C6627C01BF8}.LIB Debug - DLL Windows SSPI - DLL WinIDN|Itanium.ActiveCfg = Debug|Itanium
		{745DEC58-EBB3-47A9-A9B8-4C6627C01BF8}.LIB Debug - DLL Windows SSPI - DLL WinIDN|Itanium.Build.0 = Debug|Itanium
		{745DEC58-EBB3-47A9-A9B8-4C6627C01BF8}.LIB Debug - DLL Windows SSPI - DLL WinIDN|x64.ActiveCfg = Debug|x64
		{745DEC58-EBB3-47A9-A9B8-4C6627C01BF8}.LIB Debug - DLL Windows SSPI - DLL WinIDN|x64.Build.0 = Debug|x64
		{745DEC58-EBB3-47A9-A9B8-4C6627C01BF8}.LIB Debug - DLL Windows SSPI - DLL WinIDN|x86.ActiveCfg = Debug|Win32
		{745DEC58-EBB3-47A9-A9B8-4C6627C01BF8}.LIB Debug - DLL Windows SSPI - DLL WinIDN|x86.Build.0 = Debug|Win32
		{745DEC58-EBB3-47A9-A9B8-4C6627C01BF8}.LIB Debug - DLL Windows SSPI|Itanium.ActiveCfg = Debug|Itanium
		{745DEC58-EBB3-47A9-A9B8-4C6627C01BF8}.LIB Debug - DLL Windows SSPI|Itanium.Build.0 = Debug|Itanium
		{745DEC58-EBB3-47A9-A9B8-4C6627C01BF8}.LIB Debug - DLL Windows SSPI|x64.ActiveCfg = Debug|x64
		{745DEC58-EBB3-47A9-A9B8-4C6627C01BF8}.LIB Debug - DLL Windows SSPI|x64.Build.0 = Debug|x64
		{745DEC58-EBB3-47A9-A9B8-4C6627C01BF8}.LIB Debug - DLL Windows SSPI|x86.ActiveCfg = Debug|Win32
		{745DEC58-EBB3-47A9-A9B8-4C6627C01BF8}.LIB Debug - DLL Windows SSPI|x86.Build.0 = Debug|Win32
		{745DEC58-EBB3-47A9-A9B8-4C6627C01BF8}.LIB Debug - LIB OpenSSL - LIB LibSSH2|Itanium.ActiveCfg = Debug|Itanium
		{745DEC58-EBB3-47A9-A9B8-4C6627C01BF8}.LIB Debug - LIB OpenSSL - LIB LibSSH2|Itanium.Build.0 = Debug|Itanium
		{745DEC58-EBB3-47A9-A9B8-4C6627C01BF8}.LIB Debug - LIB OpenSSL - LIB LibSSH2|x64.ActiveCfg = Debug|x64
		{745DEC58-EBB3-47A9-A9B8-4C6627C01BF8}.LIB Debug - LIB OpenSSL - LIB LibSSH2|x64.Build.0 = Debug|x64
		{745DEC58-EBB3-47A9-A9B8-4C6627C01BF8}.LIB Debug - LIB OpenSSL - LIB LibSSH2|x86.ActiveCfg = Debug|Win32
		{745DEC58-EBB3-47A9-A9B8-4C6627C01BF8}.LIB Debug - LIB OpenSSL - LIB LibSSH2|x86.Build.0 = Debug|Win32
		{745DEC58-EBB3-47A9-A9B8-4C6627C01BF8}.LIB Debug - LIB OpenSSL|Itanium.ActiveCfg = Debug|Itanium
		{745DEC58-EBB3-47A9-A9B8-4C6627C01BF8}.LIB Debug - LIB OpenSSL|Itanium.Build.0 = Debug|Itanium
		{745DEC58-EBB3-47A9-A9B8-4C6627C01BF8}.LIB Debug - LIB OpenSSL|x64.ActiveCfg = Debug|x64
		{745DEC58-EBB3-47A9-A9B8-4C6627C01BF8}.LIB Debug - LIB OpenSSL|x64.Build.0 = Debug|x64
		{745DEC58-EBB3-47A9-A9B8-4C6627C01BF8}.LIB Debug - LIB OpenSSL|x86.ActiveCfg = Debug|Win32
		{745DEC58-EBB3-47A9-A9B8-4C6627C01BF8}.LIB Debug - LIB OpenSSL|x86.Build.0 = Debug|Win32
		{745DEC58-EBB3-47A9-A9B8-4C6627C01BF8}.LIB Debug - LIB wolfSSL|Itanium.ActiveCfg = Debug|Itanium
		{745DEC58-EBB3-47A9-A9B8-4C6627C01BF8}.LIB Debug - LIB wolfSSL|Itanium.Build.0 = Debug|Itanium
		{745DEC58-EBB3-47A9-A9B8-4C6627C01BF8}.LIB Debug - LIB wolfSSL|x64.ActiveCfg = Debug|x64
		{745DEC58-EBB3-47A9-A9B8-4C6627C01BF8}.LIB Debug - LIB wolfSSL|x64.Build.0 = Debug|x64
		{745DEC58-EBB3-47A9-A9B8-4C6627C01BF8}.LIB Debug - LIB wolfSSL|x86.ActiveCfg = Debug|Win32
		{745DEC58-EBB3-47A9-A9B8-4C6627C01BF8}.LIB Debug - LIB wolfSSL|x86.Build.0 = Debug|Win32
		{745DEC58-EBB3-47A9-A9B8-4C6627C01BF8}.LIB Debug|Itanium.ActiveCfg = Debug|Itanium
		{745DEC58-EBB3-47A9-A9B8-4C6627C01BF8}.LIB Debug|Itanium.Build.0 = Debug|Itanium
		{745DEC58-EBB3-47A9-A9B8-4C6627C01BF8}.LIB Debug|x64.ActiveCfg = Debug|x64
		{745DEC58-EBB3-47A9-A9B8-4C6627C01BF8}.LIB Debug|x64.Build.0 = Debug|x64
		{745DEC58-EBB3-47A9-A9B8-4C6627C01BF8}.LIB Debug|x86.ActiveCfg = Debug|Win32
		{745DEC58-EBB3-47A9-A9B8-4C6627C01BF8}.LIB Debug|x86.Build.0 = Debug|Win32
		{745DEC58-EBB3-47A9-A9B8-4C6627C01BF8}.LIB Release - DLL OpenSSL - DLL LibSSH2|Itanium.ActiveCfg = Release|Itanium
		{745DEC58-EBB3-47A9-A9B8-4C6627C01BF8}.LIB Release - DLL OpenSSL - DLL LibSSH2|Itanium.Build.0 = Release|Itanium
		{745DEC58-EBB3-47A9-A9B8-4C6627C01BF8}.LIB Release - DLL OpenSSL - DLL LibSSH2|x64.ActiveCfg = Release|x64
		{745DEC58-EBB3-47A9-A9B8-4C6627C01BF8}.LIB Release - DLL OpenSSL - DLL LibSSH2|x64.Build.0 = Release|x64
		{745DEC58-EBB3-47A9-A9B8-4C6627C01BF8}.LIB Release - DLL OpenSSL - DLL LibSSH2|x86.ActiveCfg = Release|Win32
		{745DEC58-EBB3-47A9-A9B8-4C6627C01BF8}.LIB Release - DLL OpenSSL - DLL LibSSH2|x86.Build.0 = Release|Win32
		{745DEC58-EBB3-47A9-A9B8-4C6627C01BF8}.LIB Release - DLL OpenSSL|Itanium.ActiveCfg = Release|Itanium
		{745DEC58-EBB3-47A9-A9B8-4C6627C01BF8}.LIB Release - DLL OpenSSL|Itanium.Build.0 = Release|Itanium
		{745DEC58-EBB3-47A9-A9B8-4C6627C01BF8}.LIB Release - DLL OpenSSL|x64.ActiveCfg = Release|x64
		{745DEC58-EBB3-47A9-A9B8-4C6627C01BF8}.LIB Release - DLL OpenSSL|x64.Build.0 = Release|x64
		{745DEC58-EBB3-47A9-A9B8-4C6627C01BF8}.LIB Release - DLL OpenSSL|x86.ActiveCfg = Release|Win32
		{745DEC58-EBB3-47A9-A9B8-4C6627C01BF8}.LIB Release - DLL OpenSSL|x86.Build.0 = Release|Win32
		{745DEC58-EBB3-47A9-A9B8-4C6627C01BF8}.LIB Release - DLL Windows SSPI - DLL WinIDN|Itanium.ActiveCfg = Release|Itanium
		{745DEC58-EBB3-47A9-A9B8-4C6627C01BF8}.LIB Release - DLL Windows SSPI - DLL WinIDN|Itanium.Build.0 = Release|Itanium
		{745DEC58-EBB3-47A9-A9B8-4C6627C01BF8}.LIB Release - DLL Windows SSPI - DLL WinIDN|x64.ActiveCfg = Release|x64
		{745DEC58-EBB3-47A9-A9B8-4C6627C01BF8}.LIB Release - DLL Windows SSPI - DLL WinIDN|x64.Build.0 = Release|x64
		{745DEC58-EBB3-47A9-A9B8-4C6627C01BF8}.LIB Release - DLL Windows SSPI - DLL WinIDN|x86.ActiveCfg = Release|Win32
		{745DEC58-EBB3-47A9-A9B8-4C6627C01BF8}.LIB Release - DLL Windows SSPI - DLL WinIDN|x86.Build.0 = Release|Win32
		{745DEC58-EBB3-47A9-A9B8-4C6627C01BF8}.LIB Release - DLL Windows SSPI|Itanium.ActiveCfg = Release|Itanium
		{745DEC58-EBB3-47A9-A9B8-4C6627C01BF8}.LIB Release - DLL Windows SSPI|Itanium.Build.0 = Release|Itanium
		{745DEC58-EBB3-47A9-A9B8-4C6627C01BF8}.LIB Release - DLL Windows SSPI|x64.ActiveCfg = Release|x64
		{745DEC58-EBB3-47A9-A9B8-4C6627C01BF8}.LIB Release - DLL Windows SSPI|x64.Build.0 = Release|x64
		{745DEC58-EBB3-47A9-A9B8-4C6627C01BF8}.LIB Release - DLL Windows SSPI|x86.ActiveCfg = Release|Win32
		{745DEC58-EBB3-47A9-A9B8-4C6627C01BF8}.LIB Release - DLL Windows SSPI|x86.Build.0 = Release|Win32
		{745DEC58-EBB3-47A9-A9B8-4C6627C01BF8}.LIB Release - LIB OpenSSL - LIB LibSSH2|Itanium.ActiveCfg = Release|Itanium
		{745DEC58-EBB3-47A9-A9B8-4C6627C01BF8}.LIB Release - LIB OpenSSL - LIB LibSSH2|Itanium.Build.0 = Release|Itanium
		{745DEC58-EBB3-47A9-A9B8-4C6627C01BF8}.LIB Release - LIB OpenSSL - LIB LibSSH2|x64.ActiveCfg = Release|x64
		{745DEC58-EBB3-47A9-A9B8-4C6627C01BF8}.LIB Release - LIB OpenSSL - LIB LibSSH2|x64.Build.0 = Release|x64
		{745DEC58-EBB3-47A9-A9B8-4C6627C01BF8}.LIB Release - LIB OpenSSL - LIB LibSSH2|x86.ActiveCfg = Release|Win32
		{745DEC58-EBB3-47A9-A9B8-4C6627C01BF8}.LIB Release - LIB OpenSSL - LIB LibSSH2|x86.Build.0 = Release|Win32
		{745DEC58-EBB3-47A9-A9B8-4C6627C01BF8}.LIB Release - LIB OpenSSL|Itanium.ActiveCfg = Release|Itanium
		{745DEC58-EBB3-47A9-A9B8-4C6627C01BF8}.LIB Release - LIB OpenSSL|Itanium.Build.0 = Release|Itanium
		{745DEC58-EBB3-47A9-A9B8-4C6627C01BF8}.LIB Release - LIB OpenSSL|x64.ActiveCfg = Release|x64
		{745DEC58-EBB3-47A9-A9B8-4C6627C01BF8}.LIB Release - LIB OpenSSL|x64.Build.0 = Release|x64
		{745DEC58-EBB3-47A9-A9B8-4C6627C01BF8}.LIB Release - LIB OpenSSL|x86.ActiveCfg = Release|Win32
		{745DEC58-EBB3-47A9-A9B8-4C6627C01BF8}.LIB Release - LIB OpenSSL|x86.Build.0 = Release|Win32
		{745DEC58-EBB3-47A9-A9B8-4C6627C01BF8}.LIB Release - LIB wolfSSL|Itanium.ActiveCfg = Release|Itanium
		{745DEC58-EBB3-47A9-A9B8-4C6627C01BF8}.LIB Release - LIB wolfSSL|Itanium.Build.0 = Release|Itanium
		{745DEC58-EBB3-47A9-A9B8-4C6627C01BF8}.LIB Release - LIB wolfSSL|x64.ActiveCfg = Release|x64
		{745DEC58-EBB3-47A9-A9B8-4C6627C01BF8}.LIB Release - LIB wolfSSL|x64.Build.0 = Release|x64
		{745DEC58-EBB3-47A9-A9B8-4C6627C01BF8}.LIB Release - LIB wolfSSL|x86.ActiveCfg = Release|Win32
		{745DEC58-EBB3-47A9-A9B8-4C6627C01BF8}.LIB Release - LIB wolfSSL|x86.Build.0 = Release|Win32
		{745DEC58-EBB3-47A9-A9B8-4C6627C01BF8}.LIB Release|Itanium.ActiveCfg = Release|Itanium
		{745DEC58-EBB3-47A9-A9B8-4C6627C01BF8}.LIB Release|Itanium.Build.0 = Release|Itanium
		{745DEC58-EBB3-47A9-A9B8-4C6627C01BF8}.LIB Release|x64.ActiveCfg = Release|x64
		{745DEC58-EBB3-47A9-A9B8-4C6627C01BF8}.LIB Release|x64.Build.0 = Release|x64
		{745DEC58-EBB3-47A9-A9B8-4C6627C01BF8}.LIB Release|x86.ActiveCfg = Release|Win32
		{745DEC58-EBB3-47A9-A9B8-4C6627C01BF8}.LIB Release|x86.Build.0 = Release|Win32
		{745DEC58-EBB3-47A9-A9B8-4C6627C01BF8}.Release|Itanium.ActiveCfg = Release|Itanium
		{745DEC58-EBB3-47A9-A9B8-4C6627C01BF8}.Release|Itanium.Build.0 = Release|Itanium
		{745DEC58-EBB3-47A9-A9B8-4C6627C01BF8}.Release|x64.ActiveCfg = ReleaseWithoutAsm|x64
		{745DEC58-EBB3-47A9-A9B8-4C6627C01BF8}.Release|x64.Build.0 = ReleaseWithoutAsm|x64
		{745DEC58-EBB3-47A9-A9B8-4C6627C01BF8}.Release|x86.ActiveCfg = Release|Win32
		{745DEC58-EBB3-47A9-A9B8-4C6627C01BF8}.Release|x86.Build.0 = Release|Win32
		{745DEC58-EBB3-47A9-A9B8-4C6627C01BF8}.ReleaseWithoutAsm|Itanium.ActiveCfg = ReleaseWithoutAsm|Itanium
		{745DEC58-EBB3-47A9-A9B8-4C6627C01BF8}.ReleaseWithoutAsm|Itanium.Build.0 = ReleaseWithoutAsm|Itanium
		{745DEC58-EBB3-47A9-A9B8-4C6627C01BF8}.ReleaseWithoutAsm|x64.ActiveCfg = ReleaseWithoutAsm|x64
		{745DEC58-EBB3-47A9-A9B8-4C6627C01BF8}.ReleaseWithoutAsm|x64.Build.0 = ReleaseWithoutAsm|x64
		{745DEC58-EBB3-47A9-A9B8-4C6627C01BF8}.ReleaseWithoutAsm|x86.ActiveCfg = ReleaseWithoutAsm|Win32
		{745DEC58-EBB3-47A9-A9B8-4C6627C01BF8}.ReleaseWithoutAsm|x86.Build.0 = ReleaseWithoutAsm|Win32
		{DA6F56B4-06A4-441D-AD70-AC5A7D51FADB}.Debug|Itanium.ActiveCfg = LIB Release - LIB OpenSSL - LIB LibSSH2|x64
		{DA6F56B4-06A4-441D-AD70-AC5A7D51FADB}.Debug|Itanium.Build.0 = LIB Release - LIB OpenSSL - LIB LibSSH2|x64
		{DA6F56B4-06A4-441D-AD70-AC5A7D51FADB}.Debug|x64.ActiveCfg = LIB Debug - DLL Windows SSPI|x64
		{DA6F56B4-06A4-441D-AD70-AC5A7D51FADB}.Debug|x64.Build.0 = LIB Debug - DLL Windows SSPI|x64
		{DA6F56B4-06A4-441D-AD70-AC5A7D51FADB}.Debug|x86.ActiveCfg = LIB Debug|Win32
		{DA6F56B4-06A4-441D-AD70-AC5A7D51FADB}.Debug|x86.Build.0 = LIB Debug|Win32
		{DA6F56B4-06A4-441D-AD70-AC5A7D51FADB}.DLL Debug - DLL OpenSSL - DLL LibSSH2|Itanium.ActiveCfg = DLL Debug - DLL OpenSSL - DLL LibSSH2|Win32
		{DA6F56B4-06A4-441D-AD70-AC5A7D51FADB}.DLL Debug - DLL OpenSSL - DLL LibSSH2|x64.ActiveCfg = DLL Debug - DLL OpenSSL - DLL LibSSH2|x64
		{DA6F56B4-06A4-441D-AD70-AC5A7D51FADB}.DLL Debug - DLL OpenSSL - DLL LibSSH2|x64.Build.0 = DLL Debug - DLL OpenSSL - DLL LibSSH2|x64
		{DA6F56B4-06A4-441D-AD70-AC5A7D51FADB}.DLL Debug - DLL OpenSSL - DLL LibSSH2|x86.ActiveCfg = DLL Debug - DLL OpenSSL - DLL LibSSH2|Win32
		{DA6F56B4-06A4-441D-AD70-AC5A7D51FADB}.DLL Debug - DLL OpenSSL - DLL LibSSH2|x86.Build.0 = DLL Debug - DLL OpenSSL - DLL LibSSH2|Win32
		{DA6F56B4-06A4-441D-AD70-AC5A7D51FADB}.DLL Debug - DLL OpenSSL|Itanium.ActiveCfg = DLL Debug - DLL OpenSSL|Win32
		{DA6F56B4-06A4-441D-AD70-AC5A7D51FADB}.DLL Debug - DLL OpenSSL|x64.ActiveCfg = DLL Debug - DLL OpenSSL|x64
		{DA6F56B4-06A4-441D-AD70-AC5A7D51FADB}.DLL Debug - DLL OpenSSL|x64.Build.0 = DLL Debug - DLL OpenSSL|x64
		{DA6F56B4-06A4-441D-AD70-AC5A7D51FADB}.DLL Debug - DLL OpenSSL|x86.ActiveCfg = DLL Debug - DLL OpenSSL|Win32
		{DA6F56B4-06A4-441D-AD70-AC5A7D51FADB}.DLL Debug - DLL OpenSSL|x86.Build.0 = DLL Debug - DLL OpenSSL|Win32
		{DA6F56B4-06A4-441D-AD70-AC5A7D51FADB}.DLL Debug - DLL Windows SSPI - DLL WinIDN|Itanium.ActiveCfg = DLL Debug - DLL Windows SSPI - DLL WinIDN|Win32
		{DA6F56B4-06A4-441D-AD70-AC5A7D51FADB}.DLL Debug - DLL Windows SSPI - DLL WinIDN|x64.ActiveCfg = DLL Debug - DLL Windows SSPI - DLL WinIDN|x64
		{DA6F56B4-06A4-441D-AD70-AC5A7D51FADB}.DLL Debug - DLL Windows SSPI - DLL WinIDN|x64.Build.0 = DLL Debug - DLL Windows SSPI - DLL WinIDN|x64
		{DA6F56B4-06A4-441D-AD70-AC5A7D51FADB}.DLL Debug - DLL Windows SSPI - DLL WinIDN|x86.ActiveCfg = DLL Debug - DLL Windows SSPI - DLL WinIDN|Win32
		{DA6F56B4-06A4-441D-AD70-AC5A7D51FADB}.DLL Debug - DLL Windows SSPI - DLL WinIDN|x86.Build.0 = DLL Debug - DLL Windows SSPI - DLL WinIDN|Win32
		{DA6F56B4-06A4-441D-AD70-AC5A7D51FADB}.DLL Debug - DLL Windows SSPI|Itanium.ActiveCfg = DLL Debug - DLL Windows SSPI|Win32
		{DA6F56B4-06A4-441D-AD70-AC5A7D51FADB}.DLL Debug - DLL Windows SSPI|x64.ActiveCfg = DLL Debug - DLL Windows SSPI|x64
		{DA6F56B4-06A4-441D-AD70-AC5A7D51FADB}.DLL Debug - DLL Windows SSPI|x64.Build.0 = DLL Debug - DLL Windows SSPI|x64
		{DA6F56B4-06A4-441D-AD70-AC5A7D51FADB}.DLL Debug - DLL Windows SSPI|x86.ActiveCfg = DLL Debug - DLL Windows SSPI|Win32
		{DA6F56B4-06A4-441D-AD70-AC5A7D51FADB}.DLL Debug - DLL Windows SSPI|x86.Build.0 = DLL Debug - DLL Windows SSPI|Win32
		{DA6F56B4-06A4-441D-AD70-AC5A7D51FADB}.DLL Debug - DLL wolfSSL|Itanium.ActiveCfg = DLL Debug - DLL wolfSSL|Win32
		{DA6F56B4-06A4-441D-AD70-AC5A7D51FADB}.DLL Debug - DLL wolfSSL|x64.ActiveCfg = DLL Debug - DLL wolfSSL|x64
		{DA6F56B4-06A4-441D-AD70-AC5A7D51FADB}.DLL Debug - DLL wolfSSL|x64.Build.0 = DLL Debug - DLL wolfSSL|x64
		{DA6F56B4-06A4-441D-AD70-AC5A7D51FADB}.DLL Debug - DLL wolfSSL|x86.ActiveCfg = DLL Debug - DLL wolfSSL|Win32
		{DA6F56B4-06A4-441D-AD70-AC5A7D51FADB}.DLL Debug - DLL wolfSSL|x86.Build.0 = DLL Debug - DLL wolfSSL|Win32
		{DA6F56B4-06A4-441D-AD70-AC5A7D51FADB}.DLL Debug|Itanium.ActiveCfg = DLL Debug|Win32
		{DA6F56B4-06A4-441D-AD70-AC5A7D51FADB}.DLL Debug|x64.ActiveCfg = DLL Debug|x64
		{DA6F56B4-06A4-441D-AD70-AC5A7D51FADB}.DLL Debug|x64.Build.0 = DLL Debug|x64
		{DA6F56B4-06A4-441D-AD70-AC5A7D51FADB}.DLL Debug|x86.ActiveCfg = DLL Debug|Win32
		{DA6F56B4-06A4-441D-AD70-AC5A7D51FADB}.DLL Debug|x86.Build.0 = DLL Debug|Win32
		{DA6F56B4-06A4-441D-AD70-AC5A7D51FADB}.DLL Release - DLL OpenSSL - DLL LibSSH2|Itanium.ActiveCfg = DLL Release - DLL OpenSSL - DLL LibSSH2|Win32
		{DA6F56B4-06A4-441D-AD70-AC5A7D51FADB}.DLL Release - DLL OpenSSL - DLL LibSSH2|x64.ActiveCfg = DLL Release - DLL OpenSSL - DLL LibSSH2|x64
		{DA6F56B4-06A4-441D-AD70-AC5A7D51FADB}.DLL Release - DLL OpenSSL - DLL LibSSH2|x64.Build.0 = DLL Release - DLL OpenSSL - DLL LibSSH2|x64
		{DA6F56B4-06A4-441D-AD70-AC5A7D51FADB}.DLL Release - DLL OpenSSL - DLL LibSSH2|x86.ActiveCfg = DLL Release - DLL OpenSSL - DLL LibSSH2|Win32
		{DA6F56B4-06A4-441D-AD70-AC5A7D51FADB}.DLL Release - DLL OpenSSL - DLL LibSSH2|x86.Build.0 = DLL Release - DLL OpenSSL - DLL LibSSH2|Win32
		{DA6F56B4-06A4-441D-AD70-AC5A7D51FADB}.DLL Release - DLL OpenSSL|Itanium.ActiveCfg = DLL Release - DLL OpenSSL|Win32
		{DA6F56B4-06A4-441D-AD70-AC5A7D51FADB}.DLL Release - DLL OpenSSL|x64.ActiveCfg = DLL Release - DLL OpenSSL|x64
		{DA6F56B4-06A4-441D-AD70-AC5A7D51FADB}.DLL Release - DLL OpenSSL|x64.Build.0 = DLL Release - DLL OpenSSL|x64
		{DA6F56B4-06A4-441D-AD70-AC5A7D51FADB}.DLL Release - DLL OpenSSL|x86.ActiveCfg = DLL Release - DLL OpenSSL|Win32
		{DA6F56B4-06A4-441D-AD70-AC5A7D51FADB}.DLL Release - DLL OpenSSL|x86.Build.0 = DLL Release - DLL OpenSSL|Win32
		{DA6F56B4-06A4-441D-AD70-AC5A7D51FADB}.DLL Release - DLL Windows SSPI - DLL WinIDN|Itanium.ActiveCfg = DLL Release - DLL Windows SSPI - DLL WinIDN|Win32
		{DA6F56B4-06A4-441D-AD70-AC5A7D51FADB}.DLL Release - DLL Windows SSPI - DLL WinIDN|x64.ActiveCfg = DLL Release - DLL Windows SSPI - DLL WinIDN|x64
		{DA6F56B4-06A4-441D-AD70-AC5A7D51FADB}.DLL Release - DLL Windows SSPI - DLL WinIDN|x64.Build.0 = DLL Release - DLL Windows SSPI - DLL WinIDN|x64
		{DA6F56B4-06A4-441D-AD70-AC5A7D51FADB}.DLL Release - DLL Windows SSPI - DLL WinIDN|x86.ActiveCfg = DLL Release - DLL Windows SSPI - DLL WinIDN|Win32
		{DA6F56B4-06A4-441D-AD70-AC5A7D51FADB}.DLL Release - DLL Windows SSPI - DLL WinIDN|x86.Build.0 = DLL Release - DLL Windows SSPI - DLL WinIDN|Win32
		{DA6F56B4-06A4-441D-AD70-AC5A7D51FADB}.DLL Release - DLL Windows SSPI|Itanium.ActiveCfg = DLL Release - DLL Windows SSPI|Win32
		{DA6F56B4-06A4-441D-AD70-AC5A7D51FADB}.DLL Release - DLL Windows SSPI|x64.ActiveCfg = DLL Release - DLL Windows SSPI|x64
		{DA6F56B4-06A4-441D-AD70-AC5A7D51FADB}.DLL Release - DLL Windows SSPI|x64.Build.0 = DLL Release - DLL Windows SSPI|x64
		{DA6F56B4-06A4-441D-AD70-AC5A7D51FADB}.DLL Release - DLL Windows SSPI|x86.ActiveCfg = DLL Release - DLL Windows SSPI|Win32
		{DA6F56B4-06A4-441D-AD70-AC5A7D51FADB}.DLL Release - DLL Windows SSPI|x86.Build.0 = DLL Release - DLL Windows SSPI|Win32
		{DA6F56B4-06A4-441D-AD70-AC5A7D51FADB}.DLL Release - DLL wolfSSL|Itanium.ActiveCfg = DLL Release - DLL wolfSSL|Win32
		{DA6F56B4-06A4-441D-AD70-AC5A7D51FADB}.DLL Release - DLL wolfSSL|x64.ActiveCfg = DLL Release - DLL wolfSSL|x64
		{DA6F56B4-06A4-441D-AD70-AC5A7D51FADB}.DLL Release - DLL wolfSSL|x64.Build.0 = DLL Release - DLL wolfSSL|x64
		{DA6F56B4-06A4-441D-AD70-AC5A7D51FADB}.DLL Release - DLL wolfSSL|x86.ActiveCfg = DLL Release - DLL wolfSSL|Win32
		{DA6F56B4-06A4-441D-AD70-AC5A7D51FADB}.DLL Release - DLL wolfSSL|x86.Build.0 = DLL Release - DLL wolfSSL|Win32
		{DA6F56B4-06A4-441D-AD70-AC5A7D51FADB}.DLL Release|Itanium.ActiveCfg = DLL Release|Win32
		{DA6F56B4-06A4-441D-AD70-AC5A7D51FADB}.DLL Release|x64.ActiveCfg = DLL Release|x64
		{DA6F56B4-06A4-441D-AD70-AC5A7D51FADB}.DLL Release|x64.Build.0 = DLL Release|x64
		{DA6F56B4-06A4-441D-AD70-AC5A7D51FADB}.DLL Release|x86.ActiveCfg = DLL Release|Win32
		{DA6F56B4-06A4-441D-AD70-AC5A7D51FADB}.DLL Release|x86.Build.0 = DLL Release|Win32
		{DA6F56B4-06A4-441D-AD70-AC5A7D51FADB}.LIB Debug - DLL OpenSSL - DLL LibSSH2|Itanium.ActiveCfg = LIB Debug - DLL OpenSSL - DLL LibSSH2|Win32
		{DA6F56B4-06A4-441D-AD70-AC5A7D51FADB}.LIB Debug - DLL OpenSSL - DLL LibSSH2|x64.ActiveCfg = LIB Debug - DLL OpenSSL - DLL LibSSH2|x64
		{DA6F56B4-06A4-441D-AD70-AC5A7D51FADB}.LIB Debug - DLL OpenSSL - DLL LibSSH2|x64.Build.0 = LIB Debug - DLL OpenSSL - DLL LibSSH2|x64
		{DA6F56B4-06A4-441D-AD70-AC5A7D51FADB}.LIB Debug - DLL OpenSSL - DLL LibSSH2|x86.ActiveCfg = LIB Debug - DLL OpenSSL - DLL LibSSH2|Win32
		{DA6F56B4-06A4-441D-AD70-AC5A7D51FADB}.LIB Debug - DLL OpenSSL - DLL LibSSH2|x86.Build.0 = LIB Debug - DLL OpenSSL - DLL LibSSH2|Win32
		{DA6F56B4-06A4-441D-AD70-AC5A7D51FADB}.LIB Debug - DLL OpenSSL|Itanium.ActiveCfg = LIB Debug - DLL OpenSSL|Win32
		{DA6F56B4-06A4-441D-AD70-AC5A7D51FADB}.LIB Debug - DLL OpenSSL|x64.ActiveCfg = LIB Debug - DLL OpenSSL|x64
		{DA6F56B4-06A4-441D-AD70-AC5A7D51FADB}.LIB Debug - DLL OpenSSL|x64.Build.0 = LIB Debug - DLL OpenSSL|x64
		{DA6F56B4-06A4-441D-AD70-AC5A7D51FADB}.LIB Debug - DLL OpenSSL|x86.ActiveCfg = LIB Debug - DLL OpenSSL|Win32
		{DA6F56B4-06A4-441D-AD70-AC5A7D51FADB}.LIB Debug - DLL OpenSSL|x86.Build.0 = LIB Debug - DLL OpenSSL|Win32
		{DA6F56B4-06A4-441D-AD70-AC5A7D51FADB}.LIB Debug - DLL Windows SSPI - DLL WinIDN|Itanium.ActiveCfg = LIB Debug - DLL Windows SSPI - DLL WinIDN|Win32
		{DA6F56B4-06A4-441D-AD70-AC5A7D51FADB}.LIB Debug - DLL Windows SSPI - DLL WinIDN|x64.ActiveCfg = LIB Debug - DLL Windows SSPI - DLL WinIDN|x64
		{DA6F56B4-06A4-441D-AD70-AC5A7D51FADB}.LIB Debug - DLL Windows SSPI - DLL WinIDN|x64.Build.0 = LIB Debug - DLL Windows SSPI - DLL WinIDN|x64
		{DA6F56B4-06A4-441D-AD70-AC5A7D51FADB}.LIB Debug - DLL Windows SSPI - DLL WinIDN|x86.ActiveCfg = LIB Debug - DLL Windows SSPI - DLL WinIDN|Win32
		{DA6F56B4-06A4-441D-AD70-AC5A7D51FADB}.LIB Debug - DLL Windows SSPI - DLL WinIDN|x86.Build.0 = LIB Debug - DLL Windows SSPI - DLL WinIDN|Win32
		{DA6F56B4-06A4-441D-AD70-AC5A7D51FADB}.LIB Debug - DLL Windows SSPI|Itanium.ActiveCfg = LIB Debug - DLL Windows SSPI|Win32
		{DA6F56B4-06A4-441D-AD70-AC5A7D51FADB}.LIB Debug - DLL Windows SSPI|x64.ActiveCfg = LIB Debug - DLL Windows SSPI|x64
		{DA6F56B4-06A4-441D-AD70-AC5A7D51FADB}.LIB Debug - DLL Windows SSPI|x64.Build.0 = LIB Debug - DLL Windows SSPI|x64
		{DA6F56B4-06A4-441D-AD70-AC5A7D51FADB}.LIB Debug - DLL Windows SSPI|x86.ActiveCfg = LIB Debug - DLL Windows SSPI|Win32
		{DA6F56B4-06A4-441D-AD70-AC5A7D51FADB}.LIB Debug - DLL Windows SSPI|x86.Build.0 = LIB Debug - DLL Windows SSPI|Win32
		{DA6F56B4-06A4-441D-AD70-AC5A7D51FADB}.LIB Debug - LIB OpenSSL - LIB LibSSH2|Itanium.ActiveCfg = LIB Debug - LIB OpenSSL - LIB LibSSH2|Win32
		{DA6F56B4-06A4-441D-AD70-AC5A7D51FADB}.LIB Debug - LIB OpenSSL - LIB LibSSH2|x64.ActiveCfg = LIB Debug - LIB OpenSSL - LIB LibSSH2|x64
		{DA6F56B4-06A4-441D-AD70-AC5A7D51FADB}.LIB Debug - LIB OpenSSL - LIB LibSSH2|x64.Build.0 = LIB Debug - LIB OpenSSL - LIB LibSSH2|x64
		{DA6F56B4-06A4-441D-AD70-AC5A7D51FADB}.LIB Debug - LIB OpenSSL - LIB LibSSH2|x86.ActiveCfg = LIB Debug - LIB OpenSSL - LIB LibSSH2|Win32
		{DA6F56B4-06A4-441D-AD70-AC5A7D51FADB}.LIB Debug - LIB OpenSSL - LIB LibSSH2|x86.Build.0 = LIB Debug - LIB OpenSSL - LIB LibSSH2|Win32
		{DA6F56B4-06A4-441D-AD70-AC5A7D51FADB}.LIB Debug - LIB OpenSSL|Itanium.ActiveCfg = LIB Debug - LIB OpenSSL|Win32
		{DA6F56B4-06A4-441D-AD70-AC5A7D51FADB}.LIB Debug - LIB OpenSSL|x64.ActiveCfg = LIB Debug - LIB OpenSSL|x64
		{DA6F56B4-06A4-441D-AD70-AC5A7D51FADB}.LIB Debug - LIB OpenSSL|x64.Build.0 = LIB Debug - LIB OpenSSL|x64
		{DA6F56B4-06A4-441D-AD70-AC5A7D51FADB}.LIB Debug - LIB OpenSSL|x86.ActiveCfg = LIB Debug - LIB OpenSSL|Win32
		{DA6F56B4-06A4-441D-AD70-AC5A7D51FADB}.LIB Debug - LIB OpenSSL|x86.Build.0 = LIB Debug - LIB OpenSSL|Win32
		{DA6F56B4-06A4-441D-AD70-AC5A7D51FADB}.LIB Debug - LIB wolfSSL|Itanium.ActiveCfg = LIB Debug - LIB wolfSSL|Win32
		{DA6F56B4-06A4-441D-AD70-AC5A7D51FADB}.LIB Debug - LIB wolfSSL|x64.ActiveCfg = LIB Debug - LIB wolfSSL|x64
		{DA6F56B4-06A4-441D-AD70-AC5A7D51FADB}.LIB Debug - LIB wolfSSL|x64.Build.0 = LIB Debug - LIB wolfSSL|x64
		{DA6F56B4-06A4-441D-AD70-AC5A7D51FADB}.LIB Debug - LIB wolfSSL|x86.ActiveCfg = LIB Debug - LIB wolfSSL|Win32
		{DA6F56B4-06A4-441D-AD70-AC5A7D51FADB}.LIB Debug - LIB wolfSSL|x86.Build.0 = LIB Debug - LIB wolfSSL|Win32
		{DA6F56B4-06A4-441D-AD70-AC5A7D51FADB}.LIB Debug|Itanium.ActiveCfg = LIB Debug|Win32
		{DA6F56B4-06A4-441D-AD70-AC5A7D51FADB}.LIB Debug|x64.ActiveCfg = LIB Debug|x64
		{DA6F56B4-06A4-441D-AD70-AC5A7D51FADB}.LIB Debug|x64.Build.0 = LIB Debug|x64
		{DA6F56B4-06A4-441D-AD70-AC5A7D51FADB}.LIB Debug|x86.ActiveCfg = LIB Debug|Win32
		{DA6F56B4-06A4-441D-AD70-AC5A7D51FADB}.LIB Debug|x86.Build.0 = LIB Debug|Win32
		{DA6F56B4-06A4-441D-AD70-AC5A7D51FADB}.LIB Release - DLL OpenSSL - DLL LibSSH2|Itanium.ActiveCfg = LIB Release - DLL OpenSSL - DLL LibSSH2|Win32
		{DA6F56B4-06A4-441D-AD70-AC5A7D51FADB}.LIB Release - DLL OpenSSL - DLL LibSSH2|x64.ActiveCfg = LIB Release - DLL OpenSSL - DLL LibSSH2|x64
		{DA6F56B4-06A4-441D-AD70-AC5A7D51FADB}.LIB Release - DLL OpenSSL - DLL LibSSH2|x64.Build.0 = LIB Release - DLL OpenSSL - DLL LibSSH2|x64
		{DA6F56B4-06A4-441D-AD70-AC5A7D51FADB}.LIB Release - DLL OpenSSL - DLL LibSSH2|x86.ActiveCfg = LIB Release - DLL OpenSSL - DLL LibSSH2|Win32
		{DA6F56B4-06A4-441D-AD70-AC5A7D51FADB}.LIB Release - DLL OpenSSL - DLL LibSSH2|x86.Build.0 = LIB Release - DLL OpenSSL - DLL LibSSH2|Win32
		{DA6F56B4-06A4-441D-AD70-AC5A7D51FADB}.LIB Release - DLL OpenSSL|Itanium.ActiveCfg = LIB Release - DLL OpenSSL|Win32
		{DA6F56B4-06A4-441D-AD70-AC5A7D51FADB}.LIB Release - DLL OpenSSL|x64.ActiveCfg = LIB Release - DLL OpenSSL|x64
		{DA6F56B4-06A4-441D-AD70-AC5A7D51FADB}.LIB Release - DLL OpenSSL|x64.Build.0 = LIB Release - DLL OpenSSL|x64
		{DA6F56B4-06A4-441D-AD70-AC5A7D51FADB}.LIB Release - DLL OpenSSL|x86.ActiveCfg = LIB Release - DLL OpenSSL|Win32
		{DA6F56B4-06A4-441D-AD70-AC5A7D51FADB}.LIB Release - DLL OpenSSL|x86.Build.0 = LIB Release - DLL OpenSSL|Win32
		{DA6F56B4-06A4-441D-AD70-AC5A7D51FADB}.LIB Release - DLL Windows SSPI - DLL WinIDN|Itanium.ActiveCfg = LIB Release - DLL Windows SSPI - DLL WinIDN|Win32
		{DA6F56B4-06A4-441D-AD70-AC5A7D51FADB}.LIB Release - DLL Windows SSPI - DLL WinIDN|x64.ActiveCfg = LIB Release - DLL Windows SSPI - DLL WinIDN|x64
		{DA6F56B4-06A4-441D-AD70-AC5A7D51FADB}.LIB Release - DLL Windows SSPI - DLL WinIDN|x64.Build.0 = LIB Release - DLL Windows SSPI - DLL WinIDN|x64
		{DA6F56B4-06A4-441D-AD70-AC5A7D51FADB}.LIB Release - DLL Windows SSPI - DLL WinIDN|x86.ActiveCfg = LIB Release - DLL Windows SSPI - DLL WinIDN|Win32
		{DA6F56B4-06A4-441D-AD70-AC5A7D51FADB}.LIB Release - DLL Windows SSPI - DLL WinIDN|x86.Build.0 = LIB Release - DLL Windows SSPI - DLL WinIDN|Win32
		{DA6F56B4-06A4-441D-AD70-AC5A7D51FADB}.LIB Release - DLL Windows SSPI|Itanium.ActiveCfg = LIB Release - DLL Windows SSPI|Win32
		{DA6F56B4-06A4-441D-AD70-AC5A7D51FADB}.LIB Release - DLL Windows SSPI|x64.ActiveCfg = LIB Release - DLL Windows SSPI|x64
		{DA6F56B4-06A4-441D-AD70-AC5A7D51FADB}.LIB Release - DLL Windows SSPI|x64.Build.0 = LIB Release - DLL Windows SSPI|x64
		{DA6F56B4-06A4-441D-AD70-AC5A7D51FADB}.LIB Release - DLL Windows SSPI|x86.ActiveCfg = LIB Release - DLL Windows SSPI|Win32
		{DA6F56B4-06A4-441D-AD70-AC5A7D51FADB}.LIB Release - DLL Windows SSPI|x86.Build.0 = LIB Release - DLL Windows SSPI|Win32
		{DA6F56B4-06A4-441D-AD70-AC5A7D51FADB}.LIB Release - LIB OpenSSL - LIB LibSSH2|Itanium.ActiveCfg = LIB Release - LIB OpenSSL - LIB LibSSH2|Win32
		{DA6F56B4-06A4-441D-AD70-AC5A7D51FADB}.LIB Release - LIB OpenSSL - LIB LibSSH2|x64.ActiveCfg = LIB Release - LIB OpenSSL - LIB LibSSH2|x64
		{DA6F56B4-06A4-441D-AD70-AC5A7D51FADB}.LIB Release - LIB OpenSSL - LIB LibSSH2|x64.Build.0 = LIB Release - LIB OpenSSL - LIB LibSSH2|x64
		{DA6F56B4-06A4-441D-AD70-AC5A7D51FADB}.LIB Release - LIB OpenSSL - LIB LibSSH2|x86.ActiveCfg = LIB Release - LIB OpenSSL - LIB LibSSH2|Win32
		{DA6F56B4-06A4-441D-AD70-AC5A7D51FADB}.LIB Release - LIB OpenSSL - LIB LibSSH2|x86.Build.0 = LIB Release - LIB OpenSSL - LIB LibSSH2|Win32
		{DA6F56B4-06A4-441D-AD70-AC5A7D51FADB}.LIB Release - LIB OpenSSL|Itanium.ActiveCfg = LIB Release - LIB OpenSSL|Win32
		{DA6F56B4-06A4-441D-AD70-AC5A7D51FADB}.LIB Release - LIB OpenSSL|x64.ActiveCfg = LIB Release - LIB OpenSSL|x64
		{DA6F56B4-06A4-441D-AD70-AC5A7D51FADB}.LIB Release - LIB OpenSSL|x64.Build.0 = LIB Release - LIB OpenSSL|x64
		{DA6F56B4-06A4-441D-AD70-AC5A7D51FADB}.LIB Release - LIB OpenSSL|x86.ActiveCfg = LIB Release - LIB OpenSSL|Win32
		{DA6F56B4-06A4-441D-AD70-AC5A7D51FADB}.LIB Release - LIB OpenSSL|x86.Build.0 = LIB Release - LIB OpenSSL|Win32
		{DA6F56B4-06A4-441D-AD70-AC5A7D51FADB}.LIB Release - LIB wolfSSL|Itanium.ActiveCfg = LIB Release - LIB wolfSSL|Win32
		{DA6F56B4-06A4-441D-AD70-AC5A7D51FADB}.LIB Release - LIB wolfSSL|x64.ActiveCfg = LIB Release - LIB wolfSSL|x64
		{DA6F56B4-06A4-441D-AD70-AC5A7D51FADB}.LIB Release - LIB wolfSSL|x64.Build.0 = LIB Release - LIB wolfSSL|x64
		{DA6F56B4-06A4-441D-AD70-AC5A7D51FADB}.LIB Release - LIB wolfSSL|x86.ActiveCfg = LIB Release - LIB wolfSSL|Win32
		{DA6F56B4-06A4-441D-AD70-AC5A7D51FADB}.LIB Release - LIB wolfSSL|x86.Build.0 = LIB Release - LIB wolfSSL|Win32
		{DA6F56B4-06A4-441D-AD70-AC5A7D51FADB}.LIB Release|Itanium.ActiveCfg = LIB Release|Win32
		{DA6F56B4-06A4-441D-AD70-AC5A7D51FADB}.LIB Release|x64.ActiveCfg = LIB Release|x64
		{DA6F56B4-06A4-441D-AD70-AC5A7D51FADB}.LIB Release|x64.Build.0 = LIB Release|x64
		{DA6F56B4-06A4-441D-AD70-AC5A7D51FADB}.LIB Release|x86.ActiveCfg = LIB Release|Win32
		{DA6F56B4-06A4-441D-AD70-AC5A7D51FADB}.LIB Release|x86.Build.0 = LIB Release|Win32
		{DA6F56B4-06A4-441D-AD70-AC5A7D51FADB}.Release|Itanium.ActiveCfg = LIB Release - LIB OpenSSL - LIB LibSSH2|x64
		{DA6F56B4-06A4-441D-AD70-AC5A7D51FADB}.Release|Itanium.Build.0 = LIB Release - LIB OpenSSL - LIB LibSSH2|x64
		{DA6F56B4-06A4-441D-AD70-AC5A7D51FADB}.Release|x64.ActiveCfg = LIB Release - DLL Windows SSPI|x64
		{DA6F56B4-06A4-441D-AD70-AC5A7D51FADB}.Release|x64.Build.0 = LIB Release - DLL Windows SSPI|x64
		{DA6F56B4-06A4-441D-AD70-AC5A7D51FADB}.Release|x86.ActiveCfg = LIB Release - LIB OpenSSL - LIB LibSSH2|Win32
		{DA6F56B4-06A4-441D-AD70-AC5A7D51FADB}.Release|x86.Build.0 = LIB Release - LIB OpenSSL - LIB LibSSH2|Win32
		{DA6F56B4-06A4-441D-AD70-AC5A7D51FADB}.ReleaseWithoutAsm|Itanium.ActiveCfg = LIB Release - LIB OpenSSL - LIB LibSSH2|x64
		{DA6F56B4-06A4-441D-AD70-AC5A7D51FADB}.ReleaseWithoutAsm|Itanium.Build.0 = LIB Release - LIB OpenSSL - LIB LibSSH2|x64
		{DA6F56B4-06A4-441D-AD70-AC5A7D51FADB}.ReleaseWithoutAsm|x64.ActiveCfg = LIB Release - LIB OpenSSL - LIB LibSSH2|x64
		{DA6F56B4-06A4-441D-AD70-AC5A7D51FADB}.ReleaseWithoutAsm|x64.Build.0 = LIB Release - LIB OpenSSL - LIB LibSSH2|x64
		{DA6F56B4-06A4-441D-AD70-AC5A7D51FADB}.ReleaseWithoutAsm|x86.ActiveCfg = LIB Release - LIB OpenSSL - LIB LibSSH2|Win32
		{DA6F56B4-06A4-441D-AD70-AC5A7D51FADB}.ReleaseWithoutAsm|x86.Build.0 = LIB Release - LIB OpenSSL - LIB LibSSH2|Win32
	EndGlobalSection
	GlobalSection(SolutionProperties) = preSolution
		HideSolutionNode = FALSE
	EndGlobalSection
	GlobalSection(NestedProjects) = preSolution
		{745DEC58-EBB3-47A9-A9B8-4C6627C01BF8} = {318599F1-CAD8-415E-BC42-F02C86175B5E}
		{DA6F56B4-06A4-441D-AD70-AC5A7D51FADB} = {D6E49833-4757-4912-8FB4-6110EA5D448F}
	EndGlobalSection
EndGlobal
