
Microsoft Visual Studio Solution File, Format Version 12.00
# Visual Studio 2013
VisualStudioVersion = 12.0.31101.0
MinimumVisualStudioVersion = 10.0.40219.1
Project("{8BC9CEB8-8B4A-11D0-8D11-00A0C91BC942}") = "reaper_ultraschall", "reaper_ultraschall.vcxproj", "{09F1B938-85BC-4FD2-82F1-DBD5D8D3AA0B}"
EndProject
Project("{6141683F-8A12-4E36-9623-2EB02B2C2303}") = "reaper_ultraschall_setup", "..\reaper_ultraschall_setup\reaper_ultraschall_setup.isproj", "{485B1B5B-5D5A-4F90-A226-CD2F7E5183DC}"
	ProjectSection(ProjectDependencies) = postProject
		{09F1B938-85BC-4FD2-82F1-DBD5D8D3AA0B} = {09F1B938-85BC-4FD2-82F1-DBD5D8D3AA0B}
	EndProjectSection
EndProject
Global
	GlobalSection(SolutionConfigurationPlatforms) = preSolution
		CD_ROM|Win32 = CD_ROM|Win32
		CD_ROM|x64 = CD_ROM|x64
		Debug|Win32 = Debug|Win32
		Debug|x64 = Debug|x64
		DVD-5|Win32 = DVD-5|Win32
		DVD-5|x64 = DVD-5|x64
		Release 64|Win32 = Release 64|Win32
		Release 64|x64 = Release 64|x64
		Release|Win32 = Release|Win32
		Release|x64 = Release|x64
		SingleImage|Win32 = SingleImage|Win32
		SingleImage|x64 = SingleImage|x64
	EndGlobalSection
	GlobalSection(ProjectConfigurationPlatforms) = postSolution
		{09F1B938-85BC-4FD2-82F1-DBD5D8D3AA0B}.CD_ROM|Win32.ActiveCfg = Release|Win32
		{09F1B938-85BC-4FD2-82F1-DBD5D8D3AA0B}.CD_ROM|Win32.Build.0 = Release|Win32
		{09F1B938-85BC-4FD2-82F1-DBD5D8D3AA0B}.CD_ROM|x64.ActiveCfg = Release|Win32
		{09F1B938-85BC-4FD2-82F1-DBD5D8D3AA0B}.CD_ROM|x64.Build.0 = Release|Win32
		{09F1B938-85BC-4FD2-82F1-DBD5D8D3AA0B}.Debug|Win32.ActiveCfg = Debug|Win32
		{09F1B938-85BC-4FD2-82F1-DBD5D8D3AA0B}.Debug|Win32.Build.0 = Debug|Win32
		{09F1B938-85BC-4FD2-82F1-DBD5D8D3AA0B}.Debug|x64.ActiveCfg = Debug|Win32
		{09F1B938-85BC-4FD2-82F1-DBD5D8D3AA0B}.Debug|x64.Build.0 = Debug|Win32
		{09F1B938-85BC-4FD2-82F1-DBD5D8D3AA0B}.DVD-5|Win32.ActiveCfg = Debug|Win32
		{09F1B938-85BC-4FD2-82F1-DBD5D8D3AA0B}.DVD-5|Win32.Build.0 = Debug|Win32
		{09F1B938-85BC-4FD2-82F1-DBD5D8D3AA0B}.DVD-5|x64.ActiveCfg = Debug|Win32
		{09F1B938-85BC-4FD2-82F1-DBD5D8D3AA0B}.DVD-5|x64.Build.0 = Debug|Win32
		{09F1B938-85BC-4FD2-82F1-DBD5D8D3AA0B}.Release 64|Win32.ActiveCfg = Release 64|x64
		{09F1B938-85BC-4FD2-82F1-DBD5D8D3AA0B}.Release 64|Win32.Build.0 = Release 64|x64
		{09F1B938-85BC-4FD2-82F1-DBD5D8D3AA0B}.Release 64|x64.ActiveCfg = Release 64|x64
		{09F1B938-85BC-4FD2-82F1-DBD5D8D3AA0B}.Release 64|x64.Build.0 = Release 64|x64
		{09F1B938-85BC-4FD2-82F1-DBD5D8D3AA0B}.Release|Win32.ActiveCfg = Release|Win32
		{09F1B938-85BC-4FD2-82F1-DBD5D8D3AA0B}.Release|Win32.Build.0 = Release|Win32
		{09F1B938-85BC-4FD2-82F1-DBD5D8D3AA0B}.Release|x64.ActiveCfg = Release|Win32
		{09F1B938-85BC-4FD2-82F1-DBD5D8D3AA0B}.Release|x64.Build.0 = Release|Win32
		{09F1B938-85BC-4FD2-82F1-DBD5D8D3AA0B}.SingleImage|Win32.ActiveCfg = Release|Win32
		{09F1B938-85BC-4FD2-82F1-DBD5D8D3AA0B}.SingleImage|Win32.Build.0 = Release|Win32
		{09F1B938-85BC-4FD2-82F1-DBD5D8D3AA0B}.SingleImage|x64.ActiveCfg = Release|Win32
		{09F1B938-85BC-4FD2-82F1-DBD5D8D3AA0B}.SingleImage|x64.Build.0 = Release|Win32
		{485B1B5B-5D5A-4F90-A226-CD2F7E5183DC}.CD_ROM|Win32.ActiveCfg = CD_ROM
		{485B1B5B-5D5A-4F90-A226-CD2F7E5183DC}.CD_ROM|Win32.Build.0 = CD_ROM
		{485B1B5B-5D5A-4F90-A226-CD2F7E5183DC}.CD_ROM|x64.ActiveCfg = CD_ROM
		{485B1B5B-5D5A-4F90-A226-CD2F7E5183DC}.CD_ROM|x64.Build.0 = CD_ROM
		{485B1B5B-5D5A-4F90-A226-CD2F7E5183DC}.Debug|Win32.ActiveCfg = DVD-5
		{485B1B5B-5D5A-4F90-A226-CD2F7E5183DC}.Debug|x64.ActiveCfg = DVD-5
		{485B1B5B-5D5A-4F90-A226-CD2F7E5183DC}.DVD-5|Win32.ActiveCfg = DVD-5
		{485B1B5B-5D5A-4F90-A226-CD2F7E5183DC}.DVD-5|Win32.Build.0 = DVD-5
		{485B1B5B-5D5A-4F90-A226-CD2F7E5183DC}.DVD-5|x64.ActiveCfg = DVD-5
		{485B1B5B-5D5A-4F90-A226-CD2F7E5183DC}.DVD-5|x64.Build.0 = DVD-5
		{485B1B5B-5D5A-4F90-A226-CD2F7E5183DC}.Release 64|Win32.ActiveCfg = SingleImage
		{485B1B5B-5D5A-4F90-A226-CD2F7E5183DC}.Release 64|Win32.Build.0 = SingleImage
		{485B1B5B-5D5A-4F90-A226-CD2F7E5183DC}.Release 64|x64.ActiveCfg = SingleImage
		{485B1B5B-5D5A-4F90-A226-CD2F7E5183DC}.Release|Win32.ActiveCfg = SingleImage
		{485B1B5B-5D5A-4F90-A226-CD2F7E5183DC}.Release|x64.ActiveCfg = SingleImage
		{485B1B5B-5D5A-4F90-A226-CD2F7E5183DC}.SingleImage|Win32.ActiveCfg = SingleImage
		{485B1B5B-5D5A-4F90-A226-CD2F7E5183DC}.SingleImage|Win32.Build.0 = SingleImage
		{485B1B5B-5D5A-4F90-A226-CD2F7E5183DC}.SingleImage|x64.ActiveCfg = SingleImage
		{485B1B5B-5D5A-4F90-A226-CD2F7E5183DC}.SingleImage|x64.Build.0 = SingleImage
	EndGlobalSection
	GlobalSection(SolutionProperties) = preSolution
		HideSolutionNode = FALSE
	EndGlobalSection
EndGlobal
