<?xml version="1.0" encoding="utf-8"?>
<Project ToolsVersion="4.0" xmlns="http://schemas.microsoft.com/developer/msbuild/2003">
  <ItemGroup>
    <Filter Include="Framework">
      <UniqueIdentifier>{cce8380b-6c14-41ce-b26e-e52bfafadf56}</UniqueIdentifier>
    </Filter>
    <Filter Include="Reaper">
      <UniqueIdentifier>{fb1d7314-5ba8-4ae0-a7db-3124eba76d56}</UniqueIdentifier>
    </Filter>
  </ItemGroup>
  <ItemGroup>
    <ClInclude Include="framework\ICommand.h">
      <Filter>Framework</Filter>
    </ClInclude>
    <ClInclude Include="framework\Framework.h">
      <Filter>Framework</Filter>
    </ClInclude>
    <ClInclude Include="reaper\Application.h">
      <Filter>Reaper</Filter>
    </ClInclude>
    <ClInclude Include="reaper\CustomActionFactory.h">
      <Filter>Reaper</Filter>
    </ClInclude>
    <ClInclude Include="reaper\CustomActionManager.h">
      <Filter>Reaper</Filter>
    </ClInclude>
    <ClInclude Include="reaper\EntryPoints.h">
      <Filter>Reaper</Filter>
    </ClInclude>
    <ClInclude Include="reaper\ICustomAction.h">
      <Filter>Reaper</Filter>
    </ClInclude>
    <ClInclude Include="reaper\ProjectMarker.h">
      <Filter>Reaper</Filter>
    </ClInclude>
    <ClInclude Include="reaper\Reaper.h">
      <Filter>Reaper</Filter>
    </ClInclude>
    <ClInclude Include="reaper\FileManager.h">
      <Filter>Reaper</Filter>
    </ClInclude>
    <ClInclude Include="reaper\TrackManager.h">
      <Filter>Reaper</Filter>
    </ClInclude>
    <ClInclude Include="framework\IService.h">
      <Filter>Framework</Filter>
    </ClInclude>
    <ClInclude Include="framework\ServiceManager.h">
      <Filter>Framework</Filter>
    </ClInclude>
    <ClInclude Include="framework\ServiceStatus.h">
      <Filter>Framework</Filter>
    </ClInclude>
    <ClInclude Include="framework\ServiceFactory.h">
      <Filter>Framework</Filter>
    </ClInclude>
    <ClInclude Include="framework\SharedObject.h">
      <Filter>Framework</Filter>
    </ClInclude>
    <ClInclude Include="reaper\IMetadataService.h">
      <Filter>Reaper</Filter>
    </ClInclude>
    <ClInclude Include="reaper\MetadataService.h">
      <Filter>Reaper</Filter>
    </ClInclude>
    <ClInclude Include="framework\SharedObjectManager.h">
      <Filter>Framework</Filter>
    </ClInclude>
    <ClInclude Include="framework\SharedObjectFactory.h">
      <Filter>Framework</Filter>
    </ClInclude>
    <ClInclude Include="reaper\Track.h">
      <Filter>Reaper</Filter>
    </ClInclude>
    <ClInclude Include="reaper\AddChaptersAction.h">
      <Filter>Reaper</Filter>
    </ClInclude>
    <ClInclude Include="reaper\ReplaceChaptersAction.h">
      <Filter>Reaper</Filter>
    </ClInclude>
    <ClInclude Include="reaper\SaveChaptersToProjectAction.h">
      <Filter>Reaper</Filter>
    </ClInclude>
    <ClInclude Include="reaper\SaveChaptersAction.h">
      <Filter>Reaper</Filter>
    </ClInclude>
  </ItemGroup>
  <ItemGroup>
    <ClCompile Include="reaper\Application.cpp">
      <Filter>Reaper</Filter>
    </ClCompile>
    <ClCompile Include="reaper\CustomActionFactory.cpp">
      <Filter>Reaper</Filter>
    </ClCompile>
    <ClCompile Include="reaper\CustomActionManager.cpp">
      <Filter>Reaper</Filter>
    </ClCompile>
    <ClCompile Include="reaper\EntryPoints.cpp">
      <Filter>Reaper</Filter>
    </ClCompile>
    <ClCompile Include="reaper\ProjectMarker.cpp">
      <Filter>Reaper</Filter>
    </ClCompile>
    <ClCompile Include="reaper\reaper_ultraschall.cpp">
      <Filter>Reaper</Filter>
    </ClCompile>
    <ClCompile Include="reaper\FileManager.cpp">
      <Filter>Reaper</Filter>
    </ClCompile>
    <ClCompile Include="reaper\TrackManager.cpp">
      <Filter>Reaper</Filter>
    </ClCompile>
    <ClCompile Include="framework\ServiceManager.cpp">
      <Filter>Framework</Filter>
    </ClCompile>
    <ClCompile Include="framework\ServiceFactory.cpp">
      <Filter>Framework</Filter>
    </ClCompile>
    <ClCompile Include="reaper\MetadataService.cpp">
      <Filter>Reaper</Filter>
    </ClCompile>
    <ClCompile Include="reaper\Track.cpp">
      <Filter>Reaper</Filter>
    </ClCompile>
    <ClCompile Include="reaper\AddChaptersAction.cpp">
      <Filter>Reaper</Filter>
    </ClCompile>
    <ClCompile Include="reaper\ReplaceChaptersAction.cpp">
      <Filter>Reaper</Filter>
    </ClCompile>
    <ClCompile Include="reaper\SaveChaptersToProjectAction.cpp">
      <Filter>Reaper</Filter>
    </ClCompile>
    <ClCompile Include="reaper\SaveChaptersAction.cpp">
      <Filter>Reaper</Filter>
    </ClCompile>
  </ItemGroup>
</Project>